
Microsoft Visual Studio Solution File, Format Version 11.00
# Visual Studio 2010
Project("{FAE04EC0-301F-11D3-BF4B-00C04F79EFBC}") = "Appearance", "Appearance\Appearance.csproj", "{CA26FA1C-E2E6-4B3E-B545-12129D3E7A69}"
EndProject
Global
	GlobalSection(SolutionConfigurationPlatforms) = preSolution
		Debug|iPhoneSimulator = Debug|iPhoneSimulator
		Release|iPhoneSimulator = Release|iPhoneSimulator
		Debug|iPhone = Debug|iPhone
		Release|iPhone = Release|iPhone
	EndGlobalSection
	GlobalSection(ProjectConfigurationPlatforms) = postSolution
		{CA26FA1C-E2E6-4B3E-B545-12129D3E7A69}.Debug|iPhoneSimulator.ActiveCfg = Debug|iPhoneSimulator
		{CA26FA1C-E2E6-4B3E-B545-12129D3E7A69}.Debug|iPhoneSimulator.Build.0 = Debug|iPhoneSimulator
		{CA26FA1C-E2E6-4B3E-B545-12129D3E7A69}.Release|iPhoneSimulator.ActiveCfg = Release|iPhoneSimulator
		{CA26FA1C-E2E6-4B3E-B545-12129D3E7A69}.Release|iPhoneSimulator.Build.0 = Release|iPhoneSimulator
		{CA26FA1C-E2E6-4B3E-B545-12129D3E7A69}.Debug|iPhone.ActiveCfg = Debug|iPhone
		{CA26FA1C-E2E6-4B3E-B545-12129D3E7A69}.Debug|iPhone.Build.0 = Debug|iPhone
		{CA26FA1C-E2E6-4B3E-B545-12129D3E7A69}.Release|iPhone.ActiveCfg = Release|iPhone
		{CA26FA1C-E2E6-4B3E-B545-12129D3E7A69}.Release|iPhone.Build.0 = Release|iPhone
	EndGlobalSection
	GlobalSection(MonoDevelopProperties) = preSolution
		StartupItem = Appearance.csproj
	EndGlobalSection
EndGlobal
