
Microsoft Visual Studio Solution File, Format Version 12.00
# Visual Studio 2012
Project("{FAE04EC0-301F-11D3-BF4B-00C04F79EFBC}") = "TableSearch", "TableSearch\TableSearch.csproj", "{2CF08293-FF00-4B3D-8A9D-90A2E6CB67C2}"
EndProject
Global
	GlobalSection(SolutionConfigurationPlatforms) = preSolution
		Debug|iPhoneSimulator = Debug|iPhoneSimulator
		Release|iPhoneSimulator = Release|iPhoneSimulator
		Debug|iPhone = Debug|iPhone
		Release|iPhone = Release|iPhone
		Ad-Hoc|iPhone = Ad-Hoc|iPhone
		AppStore|iPhone = AppStore|iPhone
	EndGlobalSection
	GlobalSection(ProjectConfigurationPlatforms) = postSolution
		{2CF08293-FF00-4B3D-8A9D-90A2E6CB67C2}.Debug|iPhoneSimulator.ActiveCfg = Debug|iPhoneSimulator
		{2CF08293-FF00-4B3D-8A9D-90A2E6CB67C2}.Debug|iPhoneSimulator.Build.0 = Debug|iPhoneSimulator
		{2CF08293-FF00-4B3D-8A9D-90A2E6CB67C2}.Release|iPhoneSimulator.ActiveCfg = Release|iPhoneSimulator
		{2CF08293-FF00-4B3D-8A9D-90A2E6CB67C2}.Release|iPhoneSimulator.Build.0 = Release|iPhoneSimulator
		{2CF08293-FF00-4B3D-8A9D-90A2E6CB67C2}.Debug|iPhone.ActiveCfg = Debug|iPhone
		{2CF08293-FF00-4B3D-8A9D-90A2E6CB67C2}.Debug|iPhone.Build.0 = Debug|iPhone
		{2CF08293-FF00-4B3D-8A9D-90A2E6CB67C2}.Release|iPhone.ActiveCfg = Release|iPhone
		{2CF08293-FF00-4B3D-8A9D-90A2E6CB67C2}.Release|iPhone.Build.0 = Release|iPhone
		{2CF08293-FF00-4B3D-8A9D-90A2E6CB67C2}.Ad-Hoc|iPhone.ActiveCfg = Release|iPhone
		{2CF08293-FF00-4B3D-8A9D-90A2E6CB67C2}.Ad-Hoc|iPhone.Build.0 = Release|iPhone
		{2CF08293-FF00-4B3D-8A9D-90A2E6CB67C2}.AppStore|iPhone.ActiveCfg = Release|iPhone
		{2CF08293-FF00-4B3D-8A9D-90A2E6CB67C2}.AppStore|iPhone.Build.0 = Release|iPhone
	EndGlobalSection
	GlobalSection(MonoDevelopProperties) = preSolution
		StartupItem = TableSearch\TableSearch.csproj
	EndGlobalSection
EndGlobal
