
Microsoft Visual Studio Solution File, Format Version 11.00
# Visual Studio 2010
Project("{FAE04EC0-301F-11D3-BF4B-00C04F79EFBC}") = "CellDefaultTable", "CellDefaultTable.csproj", "{B0EEF2B5-349D-4885-9B2B-DE8835CF8F72}"
EndProject
Global
	GlobalSection(SolutionConfigurationPlatforms) = preSolution
		Debug|iPhoneSimulator = Debug|iPhoneSimulator
		Release|iPhoneSimulator = Release|iPhoneSimulator
		Debug|iPhone = Debug|iPhone
		Release|iPhone = Release|iPhone
	EndGlobalSection
	GlobalSection(ProjectConfigurationPlatforms) = postSolution
		{B0EEF2B5-349D-4885-9B2B-DE8835CF8F72}.Debug|iPhone.ActiveCfg = Debug|iPhone
		{B0EEF2B5-349D-4885-9B2B-DE8835CF8F72}.Debug|iPhone.Build.0 = Debug|iPhone
		{B0EEF2B5-349D-4885-9B2B-DE8835CF8F72}.Debug|iPhoneSimulator.ActiveCfg = Debug|iPhoneSimulator
		{B0EEF2B5-349D-4885-9B2B-DE8835CF8F72}.Debug|iPhoneSimulator.Build.0 = Debug|iPhoneSimulator
		{B0EEF2B5-349D-4885-9B2B-DE8835CF8F72}.Release|iPhone.ActiveCfg = Release|iPhone
		{B0EEF2B5-349D-4885-9B2B-DE8835CF8F72}.Release|iPhone.Build.0 = Release|iPhone
		{B0EEF2B5-349D-4885-9B2B-DE8835CF8F72}.Release|iPhoneSimulator.ActiveCfg = Release|iPhoneSimulator
		{B0EEF2B5-349D-4885-9B2B-DE8835CF8F72}.Release|iPhoneSimulator.Build.0 = Release|iPhoneSimulator
	EndGlobalSection
	GlobalSection(MonoDevelopProperties) = preSolution
		StartupItem = CellDefaultTable.csproj
	EndGlobalSection
EndGlobal
