
Microsoft Visual Studio Solution File, Format Version 11.00
# Visual Studio 2010
Project("{FAE04EC0-301F-11D3-BF4B-00C04F79EFBC}") = "SocialFrameworkDemo", "SocialFrameworkDemo\SocialFrameworkDemo.csproj", "{7A1EF53E-7A9E-402D-B043-A15274AB8E0A}"
EndProject
Global
	GlobalSection(SolutionConfigurationPlatforms) = preSolution
		Debug|iPhoneSimulator = Debug|iPhoneSimulator
		Release|iPhoneSimulator = Release|iPhoneSimulator
		Debug|iPhone = Debug|iPhone
		Release|iPhone = Release|iPhone
		Ad-Hoc|iPhone = Ad-Hoc|iPhone
		AppStore|iPhone = AppStore|iPhone
	EndGlobalSection
	GlobalSection(ProjectConfigurationPlatforms) = postSolution
		{7A1EF53E-7A9E-402D-B043-A15274AB8E0A}.Ad-Hoc|iPhone.ActiveCfg = Ad-Hoc|iPhone
		{7A1EF53E-7A9E-402D-B043-A15274AB8E0A}.Ad-Hoc|iPhone.Build.0 = Ad-Hoc|iPhone
		{7A1EF53E-7A9E-402D-B043-A15274AB8E0A}.AppStore|iPhone.ActiveCfg = AppStore|iPhone
		{7A1EF53E-7A9E-402D-B043-A15274AB8E0A}.AppStore|iPhone.Build.0 = AppStore|iPhone
		{7A1EF53E-7A9E-402D-B043-A15274AB8E0A}.Debug|iPhone.ActiveCfg = Debug|iPhone
		{7A1EF53E-7A9E-402D-B043-A15274AB8E0A}.Debug|iPhone.Build.0 = Debug|iPhone
		{7A1EF53E-7A9E-402D-B043-A15274AB8E0A}.Debug|iPhoneSimulator.ActiveCfg = Debug|iPhoneSimulator
		{7A1EF53E-7A9E-402D-B043-A15274AB8E0A}.Debug|iPhoneSimulator.Build.0 = Debug|iPhoneSimulator
		{7A1EF53E-7A9E-402D-B043-A15274AB8E0A}.Release|iPhone.ActiveCfg = Release|iPhone
		{7A1EF53E-7A9E-402D-B043-A15274AB8E0A}.Release|iPhone.Build.0 = Release|iPhone
		{7A1EF53E-7A9E-402D-B043-A15274AB8E0A}.Release|iPhoneSimulator.ActiveCfg = Release|iPhoneSimulator
		{7A1EF53E-7A9E-402D-B043-A15274AB8E0A}.Release|iPhoneSimulator.Build.0 = Release|iPhoneSimulator
	EndGlobalSection
	GlobalSection(MonoDevelopProperties) = preSolution
		StartupItem = SocialFrameworkDemo\SocialFrameworkDemo.csproj
	EndGlobalSection
EndGlobal
