
Microsoft Visual Studio Solution File, Format Version 12.00
# Visual Studio 2012
Project("{FAE04EC0-301F-11D3-BF4B-00C04F79EFBC}") = "Phoneword_iOS", "Phoneword_iOS\Phoneword_iOS.csproj", "{4279435A-D323-44F1-87D8-98E436909EBF}"
EndProject
Global
	GlobalSection(SolutionConfigurationPlatforms) = preSolution
		Debug|iPhoneSimulator = Debug|iPhoneSimulator
		Release|iPhone = Release|iPhone
		Release|iPhoneSimulator = Release|iPhoneSimulator
		Debug|iPhone = Debug|iPhone
	EndGlobalSection
	GlobalSection(ProjectConfigurationPlatforms) = postSolution
		{4279435A-D323-44F1-87D8-98E436909EBF}.Debug|iPhone.ActiveCfg = Debug|iPhone
		{4279435A-D323-44F1-87D8-98E436909EBF}.Debug|iPhone.Build.0 = Debug|iPhone
		{4279435A-D323-44F1-87D8-98E436909EBF}.Debug|iPhoneSimulator.ActiveCfg = Debug|iPhoneSimulator
		{4279435A-D323-44F1-87D8-98E436909EBF}.Debug|iPhoneSimulator.Build.0 = Debug|iPhoneSimulator
		{4279435A-D323-44F1-87D8-98E436909EBF}.Release|iPhone.ActiveCfg = Release|iPhone
		{4279435A-D323-44F1-87D8-98E436909EBF}.Release|iPhone.Build.0 = Release|iPhone
		{4279435A-D323-44F1-87D8-98E436909EBF}.Release|iPhoneSimulator.ActiveCfg = Release|iPhoneSimulator
		{4279435A-D323-44F1-87D8-98E436909EBF}.Release|iPhoneSimulator.Build.0 = Release|iPhoneSimulator
	EndGlobalSection
EndGlobal
