
Microsoft Visual Studio Solution File, Format Version 12.00
# Visual Studio 2012
Project("{FAE04EC0-301F-11D3-BF4B-00C04F79EFBC}") = "CSSceneKit", "CSSceneKit\CSSceneKit.csproj", "{88A47856-D987-404E-82BF-2CEDE8451FFA}"
EndProject
Global
	GlobalSection(SolutionConfigurationPlatforms) = preSolution
		Debug|iPhoneSimulator = Debug|iPhoneSimulator
		Release|iPhone = Release|iPhone
		Release|iPhoneSimulator = Release|iPhoneSimulator
		Debug|iPhone = Debug|iPhone
		Debug|Any CPU = Debug|Any CPU
		Release|Any CPU = Release|Any CPU
	EndGlobalSection
	GlobalSection(ProjectConfigurationPlatforms) = postSolution
		{6C0E8864-B053-4988-8509-ED552AF85595}.Debug|Any CPU.ActiveCfg = Debug|Any CPU
		{6C0E8864-B053-4988-8509-ED552AF85595}.Debug|Any CPU.Build.0 = Debug|Any CPU
		{6C0E8864-B053-4988-8509-ED552AF85595}.Debug|iPhone.ActiveCfg = Debug|Any CPU
		{6C0E8864-B053-4988-8509-ED552AF85595}.Debug|iPhone.Build.0 = Debug|Any CPU
		{6C0E8864-B053-4988-8509-ED552AF85595}.Debug|iPhoneSimulator.ActiveCfg = Debug|Any CPU
		{6C0E8864-B053-4988-8509-ED552AF85595}.Debug|iPhoneSimulator.Build.0 = Debug|Any CPU
		{6C0E8864-B053-4988-8509-ED552AF85595}.Release|Any CPU.ActiveCfg = Release|Any CPU
		{6C0E8864-B053-4988-8509-ED552AF85595}.Release|Any CPU.Build.0 = Release|Any CPU
		{6C0E8864-B053-4988-8509-ED552AF85595}.Release|iPhone.ActiveCfg = Release|Any CPU
		{6C0E8864-B053-4988-8509-ED552AF85595}.Release|iPhone.Build.0 = Release|Any CPU
		{6C0E8864-B053-4988-8509-ED552AF85595}.Release|iPhoneSimulator.ActiveCfg = Release|Any CPU
		{6C0E8864-B053-4988-8509-ED552AF85595}.Release|iPhoneSimulator.Build.0 = Release|Any CPU
		{88A47856-D987-404E-82BF-2CEDE8451FFA}.Debug|Any CPU.ActiveCfg = Debug|iPhoneSimulator
		{88A47856-D987-404E-82BF-2CEDE8451FFA}.Debug|Any CPU.Build.0 = Debug|iPhoneSimulator
		{88A47856-D987-404E-82BF-2CEDE8451FFA}.Debug|iPhone.ActiveCfg = Debug|iPhone
		{88A47856-D987-404E-82BF-2CEDE8451FFA}.Debug|iPhone.Build.0 = Debug|iPhone
		{88A47856-D987-404E-82BF-2CEDE8451FFA}.Debug|iPhoneSimulator.ActiveCfg = Debug|iPhoneSimulator
		{88A47856-D987-404E-82BF-2CEDE8451FFA}.Debug|iPhoneSimulator.Build.0 = Debug|iPhoneSimulator
		{88A47856-D987-404E-82BF-2CEDE8451FFA}.Release|Any CPU.ActiveCfg = Release|iPhone
		{88A47856-D987-404E-82BF-2CEDE8451FFA}.Release|Any CPU.Build.0 = Release|iPhone
		{88A47856-D987-404E-82BF-2CEDE8451FFA}.Release|iPhone.ActiveCfg = Release|iPhone
		{88A47856-D987-404E-82BF-2CEDE8451FFA}.Release|iPhone.Build.0 = Release|iPhone
		{88A47856-D987-404E-82BF-2CEDE8451FFA}.Release|iPhoneSimulator.ActiveCfg = Release|iPhoneSimulator
		{88A47856-D987-404E-82BF-2CEDE8451FFA}.Release|iPhoneSimulator.Build.0 = Release|iPhoneSimulator
	EndGlobalSection
EndGlobal
