
Microsoft Visual Studio Solution File, Format Version 12.00
# Visual Studio 2012
Project("{FAE04EC0-301F-11D3-BF4B-00C04F79EFBC}") = "TasksNotes", "TasksNotes\TasksNotes.csproj", "{B48A8B99-F8F6-4C44-B2A4-4C0727163438}"
EndProject
Project("{FAE04EC0-301F-11D3-BF4B-00C04F79EFBC}") = "TasksNotesSiriIntent", "TasksNotesSiriIntent\TasksNotesSiriIntent.csproj", "{0F89FB9F-0452-4D77-B319-D1F6070A66B7}"
EndProject
Project("{FAE04EC0-301F-11D3-BF4B-00C04F79EFBC}") = "TasksNotesSiriIntentUI", "TasksNotesSiriIntentUI\TasksNotesSiriIntentUI.csproj", "{727663AC-1C16-4E60-B537-5DCCFF5B54CF}"
EndProject
Global
	GlobalSection(SolutionConfigurationPlatforms) = preSolution
		Debug|iPhoneSimulator = Debug|iPhoneSimulator
		Release|iPhone = Release|iPhone
		Release|iPhoneSimulator = Release|iPhoneSimulator
		Debug|iPhone = Debug|iPhone
	EndGlobalSection
	GlobalSection(ProjectConfigurationPlatforms) = postSolution
		{B48A8B99-F8F6-4C44-B2A4-4C0727163438}.Debug|iPhoneSimulator.ActiveCfg = Debug|iPhoneSimulator
		{B48A8B99-F8F6-4C44-B2A4-4C0727163438}.Debug|iPhoneSimulator.Build.0 = Debug|iPhoneSimulator
		{B48A8B99-F8F6-4C44-B2A4-4C0727163438}.Release|iPhone.ActiveCfg = Release|iPhone
		{B48A8B99-F8F6-4C44-B2A4-4C0727163438}.Release|iPhone.Build.0 = Release|iPhone
		{B48A8B99-F8F6-4C44-B2A4-4C0727163438}.Release|iPhoneSimulator.ActiveCfg = Release|iPhoneSimulator
		{B48A8B99-F8F6-4C44-B2A4-4C0727163438}.Release|iPhoneSimulator.Build.0 = Release|iPhoneSimulator
		{B48A8B99-F8F6-4C44-B2A4-4C0727163438}.Debug|iPhone.ActiveCfg = Debug|iPhone
		{B48A8B99-F8F6-4C44-B2A4-4C0727163438}.Debug|iPhone.Build.0 = Debug|iPhone
		{0F89FB9F-0452-4D77-B319-D1F6070A66B7}.Debug|iPhoneSimulator.ActiveCfg = Debug|iPhoneSimulator
		{0F89FB9F-0452-4D77-B319-D1F6070A66B7}.Debug|iPhoneSimulator.Build.0 = Debug|iPhoneSimulator
		{0F89FB9F-0452-4D77-B319-D1F6070A66B7}.Release|iPhone.ActiveCfg = Release|iPhone
		{0F89FB9F-0452-4D77-B319-D1F6070A66B7}.Release|iPhone.Build.0 = Release|iPhone
		{0F89FB9F-0452-4D77-B319-D1F6070A66B7}.Release|iPhoneSimulator.ActiveCfg = Release|iPhoneSimulator
		{0F89FB9F-0452-4D77-B319-D1F6070A66B7}.Release|iPhoneSimulator.Build.0 = Release|iPhoneSimulator
		{0F89FB9F-0452-4D77-B319-D1F6070A66B7}.Debug|iPhone.ActiveCfg = Debug|iPhone
		{0F89FB9F-0452-4D77-B319-D1F6070A66B7}.Debug|iPhone.Build.0 = Debug|iPhone
		{727663AC-1C16-4E60-B537-5DCCFF5B54CF}.Debug|iPhoneSimulator.ActiveCfg = Debug|iPhoneSimulator
		{727663AC-1C16-4E60-B537-5DCCFF5B54CF}.Debug|iPhoneSimulator.Build.0 = Debug|iPhoneSimulator
		{727663AC-1C16-4E60-B537-5DCCFF5B54CF}.Release|iPhone.ActiveCfg = Release|iPhone
		{727663AC-1C16-4E60-B537-5DCCFF5B54CF}.Release|iPhone.Build.0 = Release|iPhone
		{727663AC-1C16-4E60-B537-5DCCFF5B54CF}.Release|iPhoneSimulator.ActiveCfg = Release|iPhoneSimulator
		{727663AC-1C16-4E60-B537-5DCCFF5B54CF}.Release|iPhoneSimulator.Build.0 = Release|iPhoneSimulator
		{727663AC-1C16-4E60-B537-5DCCFF5B54CF}.Debug|iPhone.ActiveCfg = Debug|iPhone
		{727663AC-1C16-4E60-B537-5DCCFF5B54CF}.Debug|iPhone.Build.0 = Debug|iPhone
	EndGlobalSection
EndGlobal
