
Microsoft Visual Studio Solution File, Format Version 12.00
# Visual Studio 2012
Project("{FAE04EC0-301F-11D3-BF4B-00C04F79EFBC}") = "StoryboardTable", "StoryboardTable\StoryboardTable.csproj", "{18B5A016-BE3C-468A-8D88-7CD4F12E4A7E}"
EndProject
Global
	GlobalSection(SolutionConfigurationPlatforms) = preSolution
		Debug|iPhoneSimulator = Debug|iPhoneSimulator
		Release|iPhoneSimulator = Release|iPhoneSimulator
		Debug|iPhone = Debug|iPhone
		Release|iPhone = Release|iPhone
		Ad-Hoc|iPhone = Ad-Hoc|iPhone
		AppStore|iPhone = AppStore|iPhone
	EndGlobalSection
	GlobalSection(ProjectConfigurationPlatforms) = postSolution
		{18B5A016-BE3C-468A-8D88-7CD4F12E4A7E}.Ad-Hoc|iPhone.ActiveCfg = Ad-Hoc|iPhone
		{18B5A016-BE3C-468A-8D88-7CD4F12E4A7E}.Ad-Hoc|iPhone.Build.0 = Ad-Hoc|iPhone
		{18B5A016-BE3C-468A-8D88-7CD4F12E4A7E}.AppStore|iPhone.ActiveCfg = AppStore|iPhone
		{18B5A016-BE3C-468A-8D88-7CD4F12E4A7E}.AppStore|iPhone.Build.0 = AppStore|iPhone
		{18B5A016-BE3C-468A-8D88-7CD4F12E4A7E}.Debug|iPhone.ActiveCfg = Debug|iPhone
		{18B5A016-BE3C-468A-8D88-7CD4F12E4A7E}.Debug|iPhone.Build.0 = Debug|iPhone
		{18B5A016-BE3C-468A-8D88-7CD4F12E4A7E}.Debug|iPhoneSimulator.ActiveCfg = Debug|iPhoneSimulator
		{18B5A016-BE3C-468A-8D88-7CD4F12E4A7E}.Debug|iPhoneSimulator.Build.0 = Debug|iPhoneSimulator
		{18B5A016-BE3C-468A-8D88-7CD4F12E4A7E}.Release|iPhone.ActiveCfg = Release|iPhone
		{18B5A016-BE3C-468A-8D88-7CD4F12E4A7E}.Release|iPhone.Build.0 = Release|iPhone
		{18B5A016-BE3C-468A-8D88-7CD4F12E4A7E}.Release|iPhoneSimulator.ActiveCfg = Release|iPhoneSimulator
		{18B5A016-BE3C-468A-8D88-7CD4F12E4A7E}.Release|iPhoneSimulator.Build.0 = Release|iPhoneSimulator
	EndGlobalSection
	GlobalSection(MonoDevelopProperties) = preSolution
		StartupItem = StoryboardTable\StoryboardTable.csproj
	EndGlobalSection
EndGlobal
