
Microsoft Visual Studio Solution File, Format Version 12.00
# Visual Studio Version 16
VisualStudioVersion = 25.0.1700.4
MinimumVisualStudioVersion = 10.0.40219.1
Project("{FAE04EC0-301F-11D3-BF4B-00C04F79EFBC}") = "GroupedNotifications2", "GroupedNotifications2.csproj", "{0F8E0E13-3307-4C23-974B-9BB4D440D317}"
EndProject
Global
	GlobalSection(SolutionConfigurationPlatforms) = preSolution
		Debug|Any CPU = Debug|Any CPU
		Release|Any CPU = Release|Any CPU
	EndGlobalSection
	GlobalSection(ProjectConfigurationPlatforms) = postSolution
		{0F8E0E13-3307-4C23-974B-9BB4D440D317}.Debug|Any CPU.ActiveCfg = Debug|Any CPU
		{0F8E0E13-3307-4C23-974B-9BB4D440D317}.Debug|Any CPU.Build.0 = Debug|Any CPU
		{0F8E0E13-3307-4C23-974B-9BB4D440D317}.Release|Any CPU.ActiveCfg = Release|Any CPU
		{0F8E0E13-3307-4C23-974B-9BB4D440D317}.Release|Any CPU.Build.0 = Release|Any CPU
	EndGlobalSection
	GlobalSection(SolutionProperties) = preSolution
		HideSolutionNode = FALSE
	EndGlobalSection
	GlobalSection(ExtensibilityGlobals) = postSolution
		SolutionGuid = {29E8AF9E-5D9A-4D5B-9075-236A6ED75946}
	EndGlobalSection
EndGlobal
