
Microsoft Visual Studio Solution File, Format Version 12.00
# Visual Studio 2012
Project("{FAE04EC0-301F-11D3-BF4B-00C04F79EFBC}") = "CoreMLImageRecognition", "CoreMLImageRecognition\CoreMLImageRecognition.csproj", "{3276E9D4-3912-470B-9A73-87C99E61EFF8}"
EndProject
Global
	GlobalSection(SolutionConfigurationPlatforms) = preSolution
		Debug|iPhoneSimulator = Debug|iPhoneSimulator
		Release|iPhone = Release|iPhone
		Release|iPhoneSimulator = Release|iPhoneSimulator
		Debug|iPhone = Debug|iPhone
	EndGlobalSection
	GlobalSection(ProjectConfigurationPlatforms) = postSolution
		{3276E9D4-3912-470B-9A73-87C99E61EFF8}.Debug|iPhoneSimulator.ActiveCfg = Debug|iPhoneSimulator
		{3276E9D4-3912-470B-9A73-87C99E61EFF8}.Debug|iPhoneSimulator.Build.0 = Debug|iPhoneSimulator
		{3276E9D4-3912-470B-9A73-87C99E61EFF8}.Release|iPhone.ActiveCfg = Release|iPhone
		{3276E9D4-3912-470B-9A73-87C99E61EFF8}.Release|iPhone.Build.0 = Release|iPhone
		{3276E9D4-3912-470B-9A73-87C99E61EFF8}.Release|iPhoneSimulator.ActiveCfg = Release|iPhoneSimulator
		{3276E9D4-3912-470B-9A73-87C99E61EFF8}.Release|iPhoneSimulator.Build.0 = Release|iPhoneSimulator
		{3276E9D4-3912-470B-9A73-87C99E61EFF8}.Debug|iPhone.ActiveCfg = Debug|iPhone
		{3276E9D4-3912-470B-9A73-87C99E61EFF8}.Debug|iPhone.Build.0 = Debug|iPhone
	EndGlobalSection
EndGlobal
