
Microsoft Visual Studio Solution File, Format Version 11.00
# Visual Studio 2010
Project("{FAE04EC0-301F-11D3-BF4B-00C04F79EFBC}") = "TableParts", "TableParts\TableParts.csproj", "{C6541871-24F4-4BA9-B9ED-FFD87688B348}"
EndProject
Global
	GlobalSection(SolutionConfigurationPlatforms) = preSolution
		Debug|iPhoneSimulator = Debug|iPhoneSimulator
		Release|iPhoneSimulator = Release|iPhoneSimulator
		Debug|iPhone = Debug|iPhone
		Release|iPhone = Release|iPhone
	EndGlobalSection
	GlobalSection(ProjectConfigurationPlatforms) = postSolution
		{C6541871-24F4-4BA9-B9ED-FFD87688B348}.Debug|iPhoneSimulator.ActiveCfg = Debug|iPhoneSimulator
		{C6541871-24F4-4BA9-B9ED-FFD87688B348}.Debug|iPhoneSimulator.Build.0 = Debug|iPhoneSimulator
		{C6541871-24F4-4BA9-B9ED-FFD87688B348}.Release|iPhoneSimulator.ActiveCfg = Release|iPhoneSimulator
		{C6541871-24F4-4BA9-B9ED-FFD87688B348}.Release|iPhoneSimulator.Build.0 = Release|iPhoneSimulator
		{C6541871-24F4-4BA9-B9ED-FFD87688B348}.Debug|iPhone.ActiveCfg = Debug|iPhone
		{C6541871-24F4-4BA9-B9ED-FFD87688B348}.Debug|iPhone.Build.0 = Debug|iPhone
		{C6541871-24F4-4BA9-B9ED-FFD87688B348}.Release|iPhone.ActiveCfg = Release|iPhone
		{C6541871-24F4-4BA9-B9ED-FFD87688B348}.Release|iPhone.Build.0 = Release|iPhone
	EndGlobalSection
	GlobalSection(MonoDevelopProperties) = preSolution
		StartupItem = TableParts\TableParts.csproj
	EndGlobalSection
EndGlobal
