
Microsoft Visual Studio Solution File, Format Version 12.00
# Visual Studio 15
Project("{FAE04EC0-301F-11D3-BF4B-00C04F79EFBC}") = "MarsHabitatCoreMLTimer", "MarsHabitatCoreMLTimer.csproj", "{135C9C1B-E42A-4283-BE1F-E203BA7F338B}"
EndProject
Global
	GlobalSection(SolutionConfigurationPlatforms) = preSolution
		Debug|iPhoneSimulator = Debug|iPhoneSimulator
		Release|iPhone = Release|iPhone
		Release|iPhoneSimulator = Release|iPhoneSimulator
		Debug|iPhone = Debug|iPhone
	EndGlobalSection
	GlobalSection(ProjectConfigurationPlatforms) = postSolution
		{135C9C1B-E42A-4283-BE1F-E203BA7F338B}.Debug|iPhoneSimulator.ActiveCfg = Debug|iPhoneSimulator
		{135C9C1B-E42A-4283-BE1F-E203BA7F338B}.Debug|iPhoneSimulator.Build.0 = Debug|iPhoneSimulator
		{135C9C1B-E42A-4283-BE1F-E203BA7F338B}.Release|iPhone.ActiveCfg = Release|iPhone
		{135C9C1B-E42A-4283-BE1F-E203BA7F338B}.Release|iPhone.Build.0 = Release|iPhone
		{135C9C1B-E42A-4283-BE1F-E203BA7F338B}.Release|iPhoneSimulator.ActiveCfg = Release|iPhoneSimulator
		{135C9C1B-E42A-4283-BE1F-E203BA7F338B}.Release|iPhoneSimulator.Build.0 = Release|iPhoneSimulator
		{135C9C1B-E42A-4283-BE1F-E203BA7F338B}.Debug|iPhone.ActiveCfg = Debug|iPhone
		{135C9C1B-E42A-4283-BE1F-E203BA7F338B}.Debug|iPhone.Build.0 = Debug|iPhone
	EndGlobalSection
EndGlobal
