
Microsoft Visual Studio Solution File, Format Version 12.00
# Visual Studio 2012
Project("{FAE04EC0-301F-11D3-BF4B-00C04F79EFBC}") = "BouncingGame.iOS", "BouncingGame.iOS\BouncingGame.iOS.csproj", "{0DF71482-7518-4D49-A1F1-B023CEFE0A52}"
EndProject
Project("{FAE04EC0-301F-11D3-BF4B-00C04F79EFBC}") = "BouncingGame", "BouncingGame\BouncingGame.csproj", "{2BA8C9C7-D93A-4E86-A7B4-951A0992799D}"
EndProject
Global
	GlobalSection(SolutionConfigurationPlatforms) = preSolution
		Debug|Any CPU = Debug|Any CPU
		Release|Any CPU = Release|Any CPU
		Debug|iPhoneSimulator = Debug|iPhoneSimulator
		Release|iPhoneSimulator = Release|iPhoneSimulator
		Debug|iPhone = Debug|iPhone
		Release|iPhone = Release|iPhone
		Ad-Hoc|iPhone = Ad-Hoc|iPhone
		AppStore|iPhone = AppStore|iPhone
	EndGlobalSection
	GlobalSection(ProjectConfigurationPlatforms) = postSolution
		{0DF71482-7518-4D49-A1F1-B023CEFE0A52}.Ad-Hoc|iPhone.ActiveCfg = Ad-Hoc|iPhone
		{0DF71482-7518-4D49-A1F1-B023CEFE0A52}.Ad-Hoc|iPhone.Build.0 = Ad-Hoc|iPhone
		{0DF71482-7518-4D49-A1F1-B023CEFE0A52}.AppStore|iPhone.ActiveCfg = AppStore|iPhone
		{0DF71482-7518-4D49-A1F1-B023CEFE0A52}.AppStore|iPhone.Build.0 = AppStore|iPhone
		{0DF71482-7518-4D49-A1F1-B023CEFE0A52}.Debug|Any CPU.ActiveCfg = Debug|iPhoneSimulator
		{0DF71482-7518-4D49-A1F1-B023CEFE0A52}.Debug|Any CPU.Build.0 = Debug|iPhoneSimulator
		{0DF71482-7518-4D49-A1F1-B023CEFE0A52}.Debug|iPhone.ActiveCfg = Debug|iPhone
		{0DF71482-7518-4D49-A1F1-B023CEFE0A52}.Debug|iPhone.Build.0 = Debug|iPhone
		{0DF71482-7518-4D49-A1F1-B023CEFE0A52}.Debug|iPhoneSimulator.ActiveCfg = Debug|iPhoneSimulator
		{0DF71482-7518-4D49-A1F1-B023CEFE0A52}.Debug|iPhoneSimulator.Build.0 = Debug|iPhoneSimulator
		{0DF71482-7518-4D49-A1F1-B023CEFE0A52}.Release|Any CPU.ActiveCfg = Release|iPhoneSimulator
		{0DF71482-7518-4D49-A1F1-B023CEFE0A52}.Release|Any CPU.Build.0 = Release|iPhoneSimulator
		{0DF71482-7518-4D49-A1F1-B023CEFE0A52}.Release|iPhone.ActiveCfg = Release|iPhone
		{0DF71482-7518-4D49-A1F1-B023CEFE0A52}.Release|iPhone.Build.0 = Release|iPhone
		{0DF71482-7518-4D49-A1F1-B023CEFE0A52}.Release|iPhoneSimulator.ActiveCfg = Release|iPhoneSimulator
		{0DF71482-7518-4D49-A1F1-B023CEFE0A52}.Release|iPhoneSimulator.Build.0 = Release|iPhoneSimulator
		{2BA8C9C7-D93A-4E86-A7B4-951A0992799D}.Ad-Hoc|iPhone.ActiveCfg = Release|Any CPU
		{2BA8C9C7-D93A-4E86-A7B4-951A0992799D}.Ad-Hoc|iPhone.Build.0 = Release|Any CPU
		{2BA8C9C7-D93A-4E86-A7B4-951A0992799D}.AppStore|iPhone.ActiveCfg = Release|Any CPU
		{2BA8C9C7-D93A-4E86-A7B4-951A0992799D}.AppStore|iPhone.Build.0 = Release|Any CPU
		{2BA8C9C7-D93A-4E86-A7B4-951A0992799D}.Debug|Any CPU.ActiveCfg = Debug|Any CPU
		{2BA8C9C7-D93A-4E86-A7B4-951A0992799D}.Debug|Any CPU.Build.0 = Debug|Any CPU
		{2BA8C9C7-D93A-4E86-A7B4-951A0992799D}.Debug|iPhone.ActiveCfg = Debug|Any CPU
		{2BA8C9C7-D93A-4E86-A7B4-951A0992799D}.Debug|iPhone.Build.0 = Debug|Any CPU
		{2BA8C9C7-D93A-4E86-A7B4-951A0992799D}.Debug|iPhoneSimulator.ActiveCfg = Debug|Any CPU
		{2BA8C9C7-D93A-4E86-A7B4-951A0992799D}.Debug|iPhoneSimulator.Build.0 = Debug|Any CPU
		{2BA8C9C7-D93A-4E86-A7B4-951A0992799D}.Release|Any CPU.ActiveCfg = Release|Any CPU
		{2BA8C9C7-D93A-4E86-A7B4-951A0992799D}.Release|Any CPU.Build.0 = Release|Any CPU
		{2BA8C9C7-D93A-4E86-A7B4-951A0992799D}.Release|iPhone.ActiveCfg = Release|Any CPU
		{2BA8C9C7-D93A-4E86-A7B4-951A0992799D}.Release|iPhone.Build.0 = Release|Any CPU
		{2BA8C9C7-D93A-4E86-A7B4-951A0992799D}.Release|iPhoneSimulator.ActiveCfg = Release|Any CPU
		{2BA8C9C7-D93A-4E86-A7B4-951A0992799D}.Release|iPhoneSimulator.Build.0 = Release|Any CPU
	EndGlobalSection
	GlobalSection(MonoDevelopProperties) = preSolution
		StartupItem = BouncingGame.iOS\BouncingGame.iOS.csproj
	EndGlobalSection
EndGlobal
