
Microsoft Visual Studio Solution File, Format Version 11.00
# Visual Studio 2010
Project("{FAE04EC0-301F-11D3-BF4B-00C04F79EFBC}") = "AudioConverterFileConverter", "AudioConverterFileConverter.csproj", "{B230354F-A068-4A44-AD16-841D7CCB3A59}"
EndProject
Global
	GlobalSection(SolutionConfigurationPlatforms) = preSolution
		Debug|iPhoneSimulator = Debug|iPhoneSimulator
		Release|iPhoneSimulator = Release|iPhoneSimulator
		Debug|iPhone = Debug|iPhone
		Release|iPhone = Release|iPhone
		Ad-Hoc|iPhone = Ad-Hoc|iPhone
		AppStore|iPhone = AppStore|iPhone
	EndGlobalSection
	GlobalSection(ProjectConfigurationPlatforms) = postSolution
		{B230354F-A068-4A44-AD16-841D7CCB3A59}.Ad-Hoc|iPhone.ActiveCfg = Ad-Hoc|iPhone
		{B230354F-A068-4A44-AD16-841D7CCB3A59}.Ad-Hoc|iPhone.Build.0 = Ad-Hoc|iPhone
		{B230354F-A068-4A44-AD16-841D7CCB3A59}.AppStore|iPhone.ActiveCfg = AppStore|iPhone
		{B230354F-A068-4A44-AD16-841D7CCB3A59}.AppStore|iPhone.Build.0 = AppStore|iPhone
		{B230354F-A068-4A44-AD16-841D7CCB3A59}.Debug|iPhone.ActiveCfg = Debug|iPhone
		{B230354F-A068-4A44-AD16-841D7CCB3A59}.Debug|iPhone.Build.0 = Debug|iPhone
		{B230354F-A068-4A44-AD16-841D7CCB3A59}.Debug|iPhoneSimulator.ActiveCfg = Debug|iPhoneSimulator
		{B230354F-A068-4A44-AD16-841D7CCB3A59}.Debug|iPhoneSimulator.Build.0 = Debug|iPhoneSimulator
		{B230354F-A068-4A44-AD16-841D7CCB3A59}.Release|iPhone.ActiveCfg = Release|iPhone
		{B230354F-A068-4A44-AD16-841D7CCB3A59}.Release|iPhone.Build.0 = Release|iPhone
		{B230354F-A068-4A44-AD16-841D7CCB3A59}.Release|iPhoneSimulator.ActiveCfg = Release|iPhoneSimulator
		{B230354F-A068-4A44-AD16-841D7CCB3A59}.Release|iPhoneSimulator.Build.0 = Release|iPhoneSimulator
	EndGlobalSection
	GlobalSection(MonoDevelopProperties) = preSolution
		StartupItem = AudioConverterFileConverter\AudioConverterFileConverter.csproj
	EndGlobalSection
EndGlobal
