
Microsoft Visual Studio Solution File, Format Version 11.00
# Visual Studio 2010
Project("{FAE04EC0-301F-11D3-BF4B-00C04F79EFBC}") = "CoreTelephonyDemo", "CoreTelephonyDemo.csproj", "{A6EED034-12CE-4339-AB96-81277A3A9AD8}"
EndProject
Global
	GlobalSection(SolutionConfigurationPlatforms) = preSolution
		Debug|iPhoneSimulator = Debug|iPhoneSimulator
		Release|iPhoneSimulator = Release|iPhoneSimulator
		Debug|iPhone = Debug|iPhone
		Release|iPhone = Release|iPhone
	EndGlobalSection
	GlobalSection(ProjectConfigurationPlatforms) = postSolution
		{A6EED034-12CE-4339-AB96-81277A3A9AD8}.Debug|iPhone.ActiveCfg = Debug|iPhone
		{A6EED034-12CE-4339-AB96-81277A3A9AD8}.Debug|iPhone.Build.0 = Debug|iPhone
		{A6EED034-12CE-4339-AB96-81277A3A9AD8}.Debug|iPhoneSimulator.ActiveCfg = Debug|iPhoneSimulator
		{A6EED034-12CE-4339-AB96-81277A3A9AD8}.Debug|iPhoneSimulator.Build.0 = Debug|iPhoneSimulator
		{A6EED034-12CE-4339-AB96-81277A3A9AD8}.Release|iPhone.ActiveCfg = Release|iPhone
		{A6EED034-12CE-4339-AB96-81277A3A9AD8}.Release|iPhone.Build.0 = Release|iPhone
		{A6EED034-12CE-4339-AB96-81277A3A9AD8}.Release|iPhoneSimulator.ActiveCfg = Release|iPhoneSimulator
		{A6EED034-12CE-4339-AB96-81277A3A9AD8}.Release|iPhoneSimulator.Build.0 = Release|iPhoneSimulator
	EndGlobalSection
	GlobalSection(MonoDevelopProperties) = preSolution
		StartupItem = CoreTelephonyDemo.csproj
	EndGlobalSection
EndGlobal
