
Microsoft Visual Studio Solution File, Format Version 12.00
# Visual Studio Version 16
VisualStudioVersion = 25.0.1700.0
MinimumVisualStudioVersion = 10.0.40219.1
Project("{FAE04EC0-301F-11D3-BF4B-00C04F79EFBC}") = "AddingTheSignInWithAppleFlowToYourApp", "AddingTheSignInWithAppleFlowToYourApp.csproj", "{7779ADD4-F9F0-4754-87B3-0547F164882B}"
EndProject
Global
	GlobalSection(SolutionConfigurationPlatforms) = preSolution
		Debug|Any CPU = Debug|Any CPU
		Release|Any CPU = Release|Any CPU
	EndGlobalSection
	GlobalSection(ProjectConfigurationPlatforms) = postSolution
		{7779ADD4-F9F0-4754-87B3-0547F164882B}.Debug|Any CPU.ActiveCfg = Debug|Any CPU
		{7779ADD4-F9F0-4754-87B3-0547F164882B}.Debug|Any CPU.Build.0 = Debug|Any CPU
		{7779ADD4-F9F0-4754-87B3-0547F164882B}.Release|Any CPU.ActiveCfg = Release|Any CPU
		{7779ADD4-F9F0-4754-87B3-0547F164882B}.Release|Any CPU.Build.0 = Release|Any CPU
	EndGlobalSection
	GlobalSection(SolutionProperties) = preSolution
		HideSolutionNode = FALSE
	EndGlobalSection
	GlobalSection(ExtensibilityGlobals) = postSolution
		SolutionGuid = {4E5A8455-9132-4983-8136-2CB792EEF12B}
	EndGlobalSection
EndGlobal
