
Microsoft Visual Studio Solution File, Format Version 11.00
# Visual Studio 2010
Project("{FAE04EC0-301F-11D3-BF4B-00C04F79EFBC}") = "Hello_Universal", "Hello_Universal\Hello_Universal.csproj", "{6858115F-2681-4833-B4D7-2808B0474D1C}"
EndProject
Global
	GlobalSection(SolutionConfigurationPlatforms) = preSolution
		Debug|iPhoneSimulator = Debug|iPhoneSimulator
		Release|iPhoneSimulator = Release|iPhoneSimulator
		Debug|iPhone = Debug|iPhone
		Release|iPhone = Release|iPhone
	EndGlobalSection
	GlobalSection(ProjectConfigurationPlatforms) = postSolution
		{6858115F-2681-4833-B4D7-2808B0474D1C}.Debug|iPhone.ActiveCfg = Debug|iPhone
		{6858115F-2681-4833-B4D7-2808B0474D1C}.Debug|iPhone.Build.0 = Debug|iPhone
		{6858115F-2681-4833-B4D7-2808B0474D1C}.Debug|iPhoneSimulator.ActiveCfg = Debug|iPhoneSimulator
		{6858115F-2681-4833-B4D7-2808B0474D1C}.Debug|iPhoneSimulator.Build.0 = Debug|iPhoneSimulator
		{6858115F-2681-4833-B4D7-2808B0474D1C}.Release|iPhone.ActiveCfg = Release|iPhone
		{6858115F-2681-4833-B4D7-2808B0474D1C}.Release|iPhone.Build.0 = Release|iPhone
		{6858115F-2681-4833-B4D7-2808B0474D1C}.Release|iPhoneSimulator.ActiveCfg = Release|iPhoneSimulator
		{6858115F-2681-4833-B4D7-2808B0474D1C}.Release|iPhoneSimulator.Build.0 = Release|iPhoneSimulator
	EndGlobalSection
	GlobalSection(MonoDevelopProperties) = preSolution
		StartupItem = Hello_Universal\Hello_Universal.csproj
	EndGlobalSection
EndGlobal
