
Microsoft Visual Studio Solution File, Format Version 12.00
# Visual Studio 2012
Project("{FAE04EC0-301F-11D3-BF4B-00C04F79EFBC}") = "DocumentWatermark", "DocumentWatermark\DocumentWatermark.csproj", "{6EF2EEDD-003D-44E3-96AA-F4ADD645ADC1}"
EndProject
Global
	GlobalSection(SolutionConfigurationPlatforms) = preSolution
		Debug|iPhoneSimulator = Debug|iPhoneSimulator
		Release|iPhone = Release|iPhone
		Release|iPhoneSimulator = Release|iPhoneSimulator
		Debug|iPhone = Debug|iPhone
	EndGlobalSection
	GlobalSection(ProjectConfigurationPlatforms) = postSolution
		{6EF2EEDD-003D-44E3-96AA-F4ADD645ADC1}.Debug|iPhoneSimulator.ActiveCfg = Debug|iPhoneSimulator
		{6EF2EEDD-003D-44E3-96AA-F4ADD645ADC1}.Debug|iPhoneSimulator.Build.0 = Debug|iPhoneSimulator
		{6EF2EEDD-003D-44E3-96AA-F4ADD645ADC1}.Release|iPhone.ActiveCfg = Release|iPhone
		{6EF2EEDD-003D-44E3-96AA-F4ADD645ADC1}.Release|iPhone.Build.0 = Release|iPhone
		{6EF2EEDD-003D-44E3-96AA-F4ADD645ADC1}.Release|iPhoneSimulator.ActiveCfg = Release|iPhoneSimulator
		{6EF2EEDD-003D-44E3-96AA-F4ADD645ADC1}.Release|iPhoneSimulator.Build.0 = Release|iPhoneSimulator
		{6EF2EEDD-003D-44E3-96AA-F4ADD645ADC1}.Debug|iPhone.ActiveCfg = Debug|iPhone
		{6EF2EEDD-003D-44E3-96AA-F4ADD645ADC1}.Debug|iPhone.Build.0 = Debug|iPhone
	EndGlobalSection
EndGlobal
