
Microsoft Visual Studio Solution File, Format Version 12.00
# Visual Studio Version 16
VisualStudioVersion = 25.0.1700.0
MinimumVisualStudioVersion = 10.0.40219.1
Project("{FAE04EC0-301F-11D3-BF4B-00C04F79EFBC}") = "Tandm", "Tandm.csproj", "{66C46AFB-0151-418C-B9D2-CD25B5A13BA7}"
EndProject
Global
	GlobalSection(SolutionConfigurationPlatforms) = preSolution
		Debug|Any CPU = Debug|Any CPU
		Release|Any CPU = Release|Any CPU
	EndGlobalSection
	GlobalSection(ProjectConfigurationPlatforms) = postSolution
		{66C46AFB-0151-418C-B9D2-CD25B5A13BA7}.Debug|Any CPU.ActiveCfg = Debug|Any CPU
		{66C46AFB-0151-418C-B9D2-CD25B5A13BA7}.Debug|Any CPU.Build.0 = Debug|Any CPU
		{66C46AFB-0151-418C-B9D2-CD25B5A13BA7}.Release|Any CPU.ActiveCfg = Release|Any CPU
		{66C46AFB-0151-418C-B9D2-CD25B5A13BA7}.Release|Any CPU.Build.0 = Release|Any CPU
	EndGlobalSection
	GlobalSection(SolutionProperties) = preSolution
		HideSolutionNode = FALSE
	EndGlobalSection
	GlobalSection(ExtensibilityGlobals) = postSolution
		SolutionGuid = {0A6B9109-0157-4D96-9AE2-B09D855FD80B}
	EndGlobalSection
EndGlobal
