
Microsoft Visual Studio Solution File, Format Version 12.00
# Visual Studio 2012
Project("{FAE04EC0-301F-11D3-BF4B-00C04F79EFBC}") = "CloudKitAtlas", "CloudKitAtlas\CloudKitAtlas.csproj", "{1A943346-7FF6-46F7-B512-2885786A2F54}"
EndProject
Global
	GlobalSection(SolutionConfigurationPlatforms) = preSolution
		Debug|iPhoneSimulator = Debug|iPhoneSimulator
		Release|iPhoneSimulator = Release|iPhoneSimulator
		Debug|iPhone = Debug|iPhone
		Release|iPhone = Release|iPhone
		Ad-Hoc|iPhone = Ad-Hoc|iPhone
		AppStore|iPhone = AppStore|iPhone
	EndGlobalSection
	GlobalSection(ProjectConfigurationPlatforms) = postSolution
		{1A943346-7FF6-46F7-B512-2885786A2F54}.Ad-Hoc|iPhone.ActiveCfg = Ad-Hoc|iPhone
		{1A943346-7FF6-46F7-B512-2885786A2F54}.Ad-Hoc|iPhone.Build.0 = Ad-Hoc|iPhone
		{1A943346-7FF6-46F7-B512-2885786A2F54}.AppStore|iPhone.ActiveCfg = AppStore|iPhone
		{1A943346-7FF6-46F7-B512-2885786A2F54}.AppStore|iPhone.Build.0 = AppStore|iPhone
		{1A943346-7FF6-46F7-B512-2885786A2F54}.Debug|iPhone.ActiveCfg = Debug|iPhone
		{1A943346-7FF6-46F7-B512-2885786A2F54}.Debug|iPhone.Build.0 = Debug|iPhone
		{1A943346-7FF6-46F7-B512-2885786A2F54}.Debug|iPhoneSimulator.ActiveCfg = Debug|iPhoneSimulator
		{1A943346-7FF6-46F7-B512-2885786A2F54}.Debug|iPhoneSimulator.Build.0 = Debug|iPhoneSimulator
		{1A943346-7FF6-46F7-B512-2885786A2F54}.Release|iPhone.ActiveCfg = Release|iPhone
		{1A943346-7FF6-46F7-B512-2885786A2F54}.Release|iPhone.Build.0 = Release|iPhone
		{1A943346-7FF6-46F7-B512-2885786A2F54}.Release|iPhoneSimulator.ActiveCfg = Release|iPhoneSimulator
		{1A943346-7FF6-46F7-B512-2885786A2F54}.Release|iPhoneSimulator.Build.0 = Release|iPhoneSimulator
	EndGlobalSection
	GlobalSection(MonoDevelopProperties) = preSolution
		StartupItem = CloudKitAtlas\CloudKitAtlas.csproj
	EndGlobalSection
EndGlobal
