
Microsoft Visual Studio Solution File, Format Version 12.00
# Visual Studio 2012
Project("{FAE04EC0-301F-11D3-BF4B-00C04F79EFBC}") = "GreatPlays", "GreatPlays\GreatPlays.csproj", "{40A3A9FC-7A34-4054-AD54-1F8CCF3F38D0}"
EndProject
Global
	GlobalSection(SolutionConfigurationPlatforms) = preSolution
		Debug|iPhoneSimulator = Debug|iPhoneSimulator
		Release|iPhone = Release|iPhone
		Release|iPhoneSimulator = Release|iPhoneSimulator
		Debug|iPhone = Debug|iPhone
	EndGlobalSection
	GlobalSection(ProjectConfigurationPlatforms) = postSolution
		{40A3A9FC-7A34-4054-AD54-1F8CCF3F38D0}.Debug|iPhoneSimulator.ActiveCfg = Debug|iPhoneSimulator
		{40A3A9FC-7A34-4054-AD54-1F8CCF3F38D0}.Debug|iPhoneSimulator.Build.0 = Debug|iPhoneSimulator
		{40A3A9FC-7A34-4054-AD54-1F8CCF3F38D0}.Release|iPhone.ActiveCfg = Release|iPhone
		{40A3A9FC-7A34-4054-AD54-1F8CCF3F38D0}.Release|iPhone.Build.0 = Release|iPhone
		{40A3A9FC-7A34-4054-AD54-1F8CCF3F38D0}.Release|iPhoneSimulator.ActiveCfg = Release|iPhoneSimulator
		{40A3A9FC-7A34-4054-AD54-1F8CCF3F38D0}.Release|iPhoneSimulator.Build.0 = Release|iPhoneSimulator
		{40A3A9FC-7A34-4054-AD54-1F8CCF3F38D0}.Debug|iPhone.ActiveCfg = Debug|iPhone
		{40A3A9FC-7A34-4054-AD54-1F8CCF3F38D0}.Debug|iPhone.Build.0 = Debug|iPhone
	EndGlobalSection
EndGlobal
