
Microsoft Visual Studio Solution File, Format Version 11.00
# Visual Studio 2010
Project("{FAE04EC0-301F-11D3-BF4B-00C04F79EFBC}") = "AppPrefs", "AppPrefs.csproj", "{FBCE3A88-42CC-481E-8190-1DD5154C646D}"
EndProject
Global
	GlobalSection(SolutionConfigurationPlatforms) = preSolution
		Debug|iPhoneSimulator = Debug|iPhoneSimulator
		Release|iPhoneSimulator = Release|iPhoneSimulator
		Debug|iPhone = Debug|iPhone
		Release|iPhone = Release|iPhone
	EndGlobalSection
	GlobalSection(ProjectConfigurationPlatforms) = postSolution
		{FBCE3A88-42CC-481E-8190-1DD5154C646D}.Debug|iPhone.ActiveCfg = Debug|iPhone
		{FBCE3A88-42CC-481E-8190-1DD5154C646D}.Debug|iPhone.Build.0 = Debug|iPhone
		{FBCE3A88-42CC-481E-8190-1DD5154C646D}.Debug|iPhoneSimulator.ActiveCfg = Debug|iPhoneSimulator
		{FBCE3A88-42CC-481E-8190-1DD5154C646D}.Debug|iPhoneSimulator.Build.0 = Debug|iPhoneSimulator
		{FBCE3A88-42CC-481E-8190-1DD5154C646D}.Release|iPhone.ActiveCfg = Release|iPhone
		{FBCE3A88-42CC-481E-8190-1DD5154C646D}.Release|iPhone.Build.0 = Release|iPhone
		{FBCE3A88-42CC-481E-8190-1DD5154C646D}.Release|iPhoneSimulator.ActiveCfg = Release|iPhoneSimulator
		{FBCE3A88-42CC-481E-8190-1DD5154C646D}.Release|iPhoneSimulator.Build.0 = Release|iPhoneSimulator
	EndGlobalSection
	GlobalSection(MonoDevelopProperties) = preSolution
		StartupItem = AppPrefs\AppPrefs.csproj
	EndGlobalSection
EndGlobal
