
Microsoft Visual Studio Solution File, Format Version 12.00
# Visual Studio 2012
Project("{FAE04EC0-301F-11D3-BF4B-00C04F79EFBC}") = "HlsCatalog", "HlsCatalog\HlsCatalog.csproj", "{1C0F99F7-2C48-4126-8FA1-CA2A20DA2659}"
EndProject
Global
	GlobalSection(SolutionConfigurationPlatforms) = preSolution
		Debug|iPhoneSimulator = Debug|iPhoneSimulator
		Release|iPhone = Release|iPhone
		Release|iPhoneSimulator = Release|iPhoneSimulator
		Debug|iPhone = Debug|iPhone
	EndGlobalSection
	GlobalSection(ProjectConfigurationPlatforms) = postSolution
		{1C0F99F7-2C48-4126-8FA1-CA2A20DA2659}.Debug|iPhoneSimulator.ActiveCfg = Debug|iPhoneSimulator
		{1C0F99F7-2C48-4126-8FA1-CA2A20DA2659}.Debug|iPhoneSimulator.Build.0 = Debug|iPhoneSimulator
		{1C0F99F7-2C48-4126-8FA1-CA2A20DA2659}.Release|iPhone.ActiveCfg = Release|iPhone
		{1C0F99F7-2C48-4126-8FA1-CA2A20DA2659}.Release|iPhone.Build.0 = Release|iPhone
		{1C0F99F7-2C48-4126-8FA1-CA2A20DA2659}.Release|iPhoneSimulator.ActiveCfg = Release|iPhoneSimulator
		{1C0F99F7-2C48-4126-8FA1-CA2A20DA2659}.Release|iPhoneSimulator.Build.0 = Release|iPhoneSimulator
		{1C0F99F7-2C48-4126-8FA1-CA2A20DA2659}.Debug|iPhone.ActiveCfg = Debug|iPhone
		{1C0F99F7-2C48-4126-8FA1-CA2A20DA2659}.Debug|iPhone.Build.0 = Debug|iPhone
	EndGlobalSection
EndGlobal
