
Microsoft Visual Studio Solution File, Format Version 11.00
# Visual Studio 2010
Project("{FAE04EC0-301F-11D3-BF4B-00C04F79EFBC}") = "Quotes", "Quotes.csproj", "{13C07F78-2F93-4810-A6E9-7FDDDE55983A}"
EndProject
Global
	GlobalSection(SolutionConfigurationPlatforms) = preSolution
		Debug|iPhoneSimulator = Debug|iPhoneSimulator
		Release|iPhoneSimulator = Release|iPhoneSimulator
		Debug|iPhone = Debug|iPhone
		Release|iPhone = Release|iPhone
		Ad-Hoc|iPhone = Ad-Hoc|iPhone
		AppStore|iPhone = AppStore|iPhone
	EndGlobalSection
	GlobalSection(ProjectConfigurationPlatforms) = postSolution
		{13C07F78-2F93-4810-A6E9-7FDDDE55983A}.Ad-Hoc|iPhone.ActiveCfg = Ad-Hoc|iPhone
		{13C07F78-2F93-4810-A6E9-7FDDDE55983A}.Ad-Hoc|iPhone.Build.0 = Ad-Hoc|iPhone
		{13C07F78-2F93-4810-A6E9-7FDDDE55983A}.AppStore|iPhone.ActiveCfg = AppStore|iPhone
		{13C07F78-2F93-4810-A6E9-7FDDDE55983A}.AppStore|iPhone.Build.0 = AppStore|iPhone
		{13C07F78-2F93-4810-A6E9-7FDDDE55983A}.Debug|iPhone.ActiveCfg = Debug|iPhone
		{13C07F78-2F93-4810-A6E9-7FDDDE55983A}.Debug|iPhone.Build.0 = Debug|iPhone
		{13C07F78-2F93-4810-A6E9-7FDDDE55983A}.Debug|iPhoneSimulator.ActiveCfg = Debug|iPhoneSimulator
		{13C07F78-2F93-4810-A6E9-7FDDDE55983A}.Debug|iPhoneSimulator.Build.0 = Debug|iPhoneSimulator
		{13C07F78-2F93-4810-A6E9-7FDDDE55983A}.Release|iPhone.ActiveCfg = Release|iPhone
		{13C07F78-2F93-4810-A6E9-7FDDDE55983A}.Release|iPhone.Build.0 = Release|iPhone
		{13C07F78-2F93-4810-A6E9-7FDDDE55983A}.Release|iPhoneSimulator.ActiveCfg = Release|iPhoneSimulator
		{13C07F78-2F93-4810-A6E9-7FDDDE55983A}.Release|iPhoneSimulator.Build.0 = Release|iPhoneSimulator
	EndGlobalSection
	GlobalSection(MonoDevelopProperties) = preSolution
		StartupItem = Quotes.csproj
	EndGlobalSection
EndGlobal
