
Microsoft Visual Studio Solution File, Format Version 12.00
# Visual Studio 2012
Project("{FAE04EC0-301F-11D3-BF4B-00C04F79EFBC}") = "AVCamBarcode", "AVCamBarcode\AVCamBarcode.csproj", "{AEC8F33C-278C-43DE-BB6C-36B3FEEF55F2}"
EndProject
Global
	GlobalSection(SolutionConfigurationPlatforms) = preSolution
		Debug|iPhoneSimulator = Debug|iPhoneSimulator
		Release|iPhone = Release|iPhone
		Release|iPhoneSimulator = Release|iPhoneSimulator
		Debug|iPhone = Debug|iPhone
	EndGlobalSection
	GlobalSection(ProjectConfigurationPlatforms) = postSolution
		{AEC8F33C-278C-43DE-BB6C-36B3FEEF55F2}.Debug|iPhoneSimulator.ActiveCfg = Debug|iPhoneSimulator
		{AEC8F33C-278C-43DE-BB6C-36B3FEEF55F2}.Debug|iPhoneSimulator.Build.0 = Debug|iPhoneSimulator
		{AEC8F33C-278C-43DE-BB6C-36B3FEEF55F2}.Release|iPhone.ActiveCfg = Release|iPhone
		{AEC8F33C-278C-43DE-BB6C-36B3FEEF55F2}.Release|iPhone.Build.0 = Release|iPhone
		{AEC8F33C-278C-43DE-BB6C-36B3FEEF55F2}.Release|iPhoneSimulator.ActiveCfg = Release|iPhoneSimulator
		{AEC8F33C-278C-43DE-BB6C-36B3FEEF55F2}.Release|iPhoneSimulator.Build.0 = Release|iPhoneSimulator
		{AEC8F33C-278C-43DE-BB6C-36B3FEEF55F2}.Debug|iPhone.ActiveCfg = Debug|iPhone
		{AEC8F33C-278C-43DE-BB6C-36B3FEEF55F2}.Debug|iPhone.Build.0 = Debug|iPhone
	EndGlobalSection
EndGlobal
