
Microsoft Visual Studio Solution File, Format Version 11.00
# Visual Studio 2010
Project("{FAE04EC0-301F-11D3-BF4B-00C04F79EFBC}") = "DynamicsCatalog", "Dynamics_Catalog\DynamicsCatalog.csproj", "{A6CE4BA5-4CF6-4216-B390-2A0289132977}"
EndProject
Global
	GlobalSection(SolutionConfigurationPlatforms) = preSolution
		Debug|iPhoneSimulator = Debug|iPhoneSimulator
		Release|iPhoneSimulator = Release|iPhoneSimulator
		Debug|iPhone = Debug|iPhone
		Release|iPhone = Release|iPhone
		Ad-Hoc|iPhone = Ad-Hoc|iPhone
		AppStore|iPhone = AppStore|iPhone
	EndGlobalSection
	GlobalSection(ProjectConfigurationPlatforms) = postSolution
		{A6CE4BA5-4CF6-4216-B390-2A0289132977}.Ad-Hoc|iPhone.ActiveCfg = Release|iPhone
		{A6CE4BA5-4CF6-4216-B390-2A0289132977}.Ad-Hoc|iPhone.Build.0 = Release|iPhone
		{A6CE4BA5-4CF6-4216-B390-2A0289132977}.AppStore|iPhone.ActiveCfg = Release|iPhone
		{A6CE4BA5-4CF6-4216-B390-2A0289132977}.AppStore|iPhone.Build.0 = Release|iPhone
		{A6CE4BA5-4CF6-4216-B390-2A0289132977}.Debug|iPhone.ActiveCfg = Debug|iPhone
		{A6CE4BA5-4CF6-4216-B390-2A0289132977}.Debug|iPhone.Build.0 = Debug|iPhone
		{A6CE4BA5-4CF6-4216-B390-2A0289132977}.Debug|iPhoneSimulator.ActiveCfg = Debug|iPhoneSimulator
		{A6CE4BA5-4CF6-4216-B390-2A0289132977}.Debug|iPhoneSimulator.Build.0 = Debug|iPhoneSimulator
		{A6CE4BA5-4CF6-4216-B390-2A0289132977}.Release|iPhone.ActiveCfg = Release|iPhone
		{A6CE4BA5-4CF6-4216-B390-2A0289132977}.Release|iPhone.Build.0 = Release|iPhone
		{A6CE4BA5-4CF6-4216-B390-2A0289132977}.Release|iPhoneSimulator.ActiveCfg = Release|iPhoneSimulator
		{A6CE4BA5-4CF6-4216-B390-2A0289132977}.Release|iPhoneSimulator.Build.0 = Release|iPhoneSimulator
	EndGlobalSection
EndGlobal
