
Microsoft Visual Studio Solution File, Format Version 11.00
# Visual Studio 2010
Project("{FAE04EC0-301F-11D3-BF4B-00C04F79EFBC}") = "MapDemo", "MapDemo\MapDemo.csproj", "{A8ED3331-ADA1-49D9-9165-225F8C1DCCEA}"
EndProject
Global
	GlobalSection(SolutionConfigurationPlatforms) = preSolution
		Debug|iPhoneSimulator = Debug|iPhoneSimulator
		Release|iPhoneSimulator = Release|iPhoneSimulator
		Debug|iPhone = Debug|iPhone
		Release|iPhone = Release|iPhone
		Ad-Hoc|iPhone = Ad-Hoc|iPhone
		AppStore|iPhone = AppStore|iPhone
	EndGlobalSection
	GlobalSection(ProjectConfigurationPlatforms) = postSolution
		{A8ED3331-ADA1-49D9-9165-225F8C1DCCEA}.Ad-Hoc|iPhone.ActiveCfg = Ad-Hoc|iPhone
		{A8ED3331-ADA1-49D9-9165-225F8C1DCCEA}.Ad-Hoc|iPhone.Build.0 = Ad-Hoc|iPhone
		{A8ED3331-ADA1-49D9-9165-225F8C1DCCEA}.AppStore|iPhone.ActiveCfg = AppStore|iPhone
		{A8ED3331-ADA1-49D9-9165-225F8C1DCCEA}.AppStore|iPhone.Build.0 = AppStore|iPhone
		{A8ED3331-ADA1-49D9-9165-225F8C1DCCEA}.Debug|iPhone.ActiveCfg = Debug|iPhone
		{A8ED3331-ADA1-49D9-9165-225F8C1DCCEA}.Debug|iPhone.Build.0 = Debug|iPhone
		{A8ED3331-ADA1-49D9-9165-225F8C1DCCEA}.Debug|iPhoneSimulator.ActiveCfg = Debug|iPhoneSimulator
		{A8ED3331-ADA1-49D9-9165-225F8C1DCCEA}.Debug|iPhoneSimulator.Build.0 = Debug|iPhoneSimulator
		{A8ED3331-ADA1-49D9-9165-225F8C1DCCEA}.Release|iPhone.ActiveCfg = Release|iPhone
		{A8ED3331-ADA1-49D9-9165-225F8C1DCCEA}.Release|iPhone.Build.0 = Release|iPhone
		{A8ED3331-ADA1-49D9-9165-225F8C1DCCEA}.Release|iPhoneSimulator.ActiveCfg = Release|iPhoneSimulator
		{A8ED3331-ADA1-49D9-9165-225F8C1DCCEA}.Release|iPhoneSimulator.Build.0 = Release|iPhoneSimulator
	EndGlobalSection
	GlobalSection(MonoDevelopProperties) = preSolution
		StartupItem = MapDemo\MapDemo.csproj
	EndGlobalSection
EndGlobal
