
Microsoft Visual Studio Solution File, Format Version 11.00
# Visual Studio 2010
Project("{FAE04EC0-301F-11D3-BF4B-00C04F79EFBC}") = "UIKitDynamicsDemo", "UIKitDynamicsDemo\UIKitDynamicsDemo.csproj", "{09A18C6E-8620-42CB-AED3-964B6D73E6C9}"
EndProject
Global
	GlobalSection(SolutionConfigurationPlatforms) = preSolution
		Debug|iPhoneSimulator = Debug|iPhoneSimulator
		Release|iPhoneSimulator = Release|iPhoneSimulator
		Debug|iPhone = Debug|iPhone
		Release|iPhone = Release|iPhone
		Ad-Hoc|iPhone = Ad-Hoc|iPhone
		AppStore|iPhone = AppStore|iPhone
	EndGlobalSection
	GlobalSection(ProjectConfigurationPlatforms) = postSolution
		{09A18C6E-8620-42CB-AED3-964B6D73E6C9}.Ad-Hoc|iPhone.ActiveCfg = Ad-Hoc|iPhone
		{09A18C6E-8620-42CB-AED3-964B6D73E6C9}.Ad-Hoc|iPhone.Build.0 = Ad-Hoc|iPhone
		{09A18C6E-8620-42CB-AED3-964B6D73E6C9}.AppStore|iPhone.ActiveCfg = AppStore|iPhone
		{09A18C6E-8620-42CB-AED3-964B6D73E6C9}.AppStore|iPhone.Build.0 = AppStore|iPhone
		{09A18C6E-8620-42CB-AED3-964B6D73E6C9}.Debug|iPhone.ActiveCfg = Debug|iPhone
		{09A18C6E-8620-42CB-AED3-964B6D73E6C9}.Debug|iPhone.Build.0 = Debug|iPhone
		{09A18C6E-8620-42CB-AED3-964B6D73E6C9}.Debug|iPhoneSimulator.ActiveCfg = Debug|iPhoneSimulator
		{09A18C6E-8620-42CB-AED3-964B6D73E6C9}.Debug|iPhoneSimulator.Build.0 = Debug|iPhoneSimulator
		{09A18C6E-8620-42CB-AED3-964B6D73E6C9}.Release|iPhone.ActiveCfg = Release|iPhone
		{09A18C6E-8620-42CB-AED3-964B6D73E6C9}.Release|iPhone.Build.0 = Release|iPhone
		{09A18C6E-8620-42CB-AED3-964B6D73E6C9}.Release|iPhoneSimulator.ActiveCfg = Release|iPhoneSimulator
		{09A18C6E-8620-42CB-AED3-964B6D73E6C9}.Release|iPhoneSimulator.Build.0 = Release|iPhoneSimulator
	EndGlobalSection
	GlobalSection(MonoDevelopProperties) = preSolution
		StartupItem = UIKitDynamicsDemo\UIKitDynamicsDemo.csproj
	EndGlobalSection
EndGlobal
