
Microsoft Visual Studio Solution File, Format Version 12.00
# Visual Studio 2012
Project("{FAE04EC0-301F-11D3-BF4B-00C04F79EFBC}") = "QuickContacts", "QuickContacts\QuickContacts.csproj", "{943B13AE-6CCA-4315-BE7C-8AB5B04FA50F}"
EndProject
Global
	GlobalSection(SolutionConfigurationPlatforms) = preSolution
		Debug|iPhoneSimulator = Debug|iPhoneSimulator
		Release|iPhoneSimulator = Release|iPhoneSimulator
		Debug|iPhone = Debug|iPhone
		Release|iPhone = Release|iPhone
		Ad-Hoc|iPhone = Ad-Hoc|iPhone
		AppStore|iPhone = AppStore|iPhone
	EndGlobalSection
	GlobalSection(ProjectConfigurationPlatforms) = postSolution
		{943B13AE-6CCA-4315-BE7C-8AB5B04FA50F}.Ad-Hoc|iPhone.ActiveCfg = Ad-Hoc|iPhone
		{943B13AE-6CCA-4315-BE7C-8AB5B04FA50F}.Ad-Hoc|iPhone.Build.0 = Ad-Hoc|iPhone
		{943B13AE-6CCA-4315-BE7C-8AB5B04FA50F}.AppStore|iPhone.ActiveCfg = AppStore|iPhone
		{943B13AE-6CCA-4315-BE7C-8AB5B04FA50F}.AppStore|iPhone.Build.0 = AppStore|iPhone
		{943B13AE-6CCA-4315-BE7C-8AB5B04FA50F}.Debug|iPhone.ActiveCfg = Debug|iPhone
		{943B13AE-6CCA-4315-BE7C-8AB5B04FA50F}.Debug|iPhone.Build.0 = Debug|iPhone
		{943B13AE-6CCA-4315-BE7C-8AB5B04FA50F}.Debug|iPhoneSimulator.ActiveCfg = Debug|iPhoneSimulator
		{943B13AE-6CCA-4315-BE7C-8AB5B04FA50F}.Debug|iPhoneSimulator.Build.0 = Debug|iPhoneSimulator
		{943B13AE-6CCA-4315-BE7C-8AB5B04FA50F}.Release|iPhone.ActiveCfg = Release|iPhone
		{943B13AE-6CCA-4315-BE7C-8AB5B04FA50F}.Release|iPhone.Build.0 = Release|iPhone
		{943B13AE-6CCA-4315-BE7C-8AB5B04FA50F}.Release|iPhoneSimulator.ActiveCfg = Release|iPhoneSimulator
		{943B13AE-6CCA-4315-BE7C-8AB5B04FA50F}.Release|iPhoneSimulator.Build.0 = Release|iPhoneSimulator
	EndGlobalSection
	GlobalSection(MonoDevelopProperties) = preSolution
		StartupItem = QuickContacts\QuickContacts.csproj
	EndGlobalSection
EndGlobal
