
Microsoft Visual Studio Solution File, Format Version 12.00
# Visual Studio 2012
Project("{FAE04EC0-301F-11D3-BF4B-00C04F79EFBC}") = "GLKBaseEffectDrawingTexture", "GLKBaseEffectDrawingTexture.csproj", "{7268D497-8ADF-4ECD-ACE9-37AE15A84624}"
EndProject
Global
	GlobalSection(SolutionConfigurationPlatforms) = preSolution
		Debug|iPhoneSimulator = Debug|iPhoneSimulator
		Release|iPhoneSimulator = Release|iPhoneSimulator
		Debug|iPhone = Debug|iPhone
		Release|iPhone = Release|iPhone
		Ad-Hoc|iPhone = Ad-Hoc|iPhone
		AppStore|iPhone = AppStore|iPhone
	EndGlobalSection
	GlobalSection(ProjectConfigurationPlatforms) = postSolution
		{7268D497-8ADF-4ECD-ACE9-37AE15A84624}.Debug|iPhoneSimulator.ActiveCfg = Debug|iPhoneSimulator
		{7268D497-8ADF-4ECD-ACE9-37AE15A84624}.Debug|iPhoneSimulator.Build.0 = Debug|iPhoneSimulator
		{7268D497-8ADF-4ECD-ACE9-37AE15A84624}.Release|iPhoneSimulator.ActiveCfg = Release|iPhoneSimulator
		{7268D497-8ADF-4ECD-ACE9-37AE15A84624}.Release|iPhoneSimulator.Build.0 = Release|iPhoneSimulator
		{7268D497-8ADF-4ECD-ACE9-37AE15A84624}.Debug|iPhone.ActiveCfg = Debug|iPhone
		{7268D497-8ADF-4ECD-ACE9-37AE15A84624}.Debug|iPhone.Build.0 = Debug|iPhone
		{7268D497-8ADF-4ECD-ACE9-37AE15A84624}.Release|iPhone.ActiveCfg = Release|iPhone
		{7268D497-8ADF-4ECD-ACE9-37AE15A84624}.Release|iPhone.Build.0 = Release|iPhone
		{7268D497-8ADF-4ECD-ACE9-37AE15A84624}.Ad-Hoc|iPhone.ActiveCfg = Ad-Hoc|iPhone
		{7268D497-8ADF-4ECD-ACE9-37AE15A84624}.Ad-Hoc|iPhone.Build.0 = Ad-Hoc|iPhone
		{7268D497-8ADF-4ECD-ACE9-37AE15A84624}.AppStore|iPhone.ActiveCfg = AppStore|iPhone
		{7268D497-8ADF-4ECD-ACE9-37AE15A84624}.AppStore|iPhone.Build.0 = AppStore|iPhone
	EndGlobalSection
EndGlobal
