
Microsoft Visual Studio Solution File, Format Version 12.00
# Visual Studio 2012
Project("{FAE04EC0-301F-11D3-BF4B-00C04F79EFBC}") = "Tandm", "Tandm\Tandm.csproj", "{5CAD0962-1D55-4965-B8C6-5B7E297CE6E4}"
EndProject
Global
	GlobalSection(SolutionConfigurationPlatforms) = preSolution
		Debug|iPhoneSimulator = Debug|iPhoneSimulator
		Release|iPhone = Release|iPhone
		Release|iPhoneSimulator = Release|iPhoneSimulator
		Debug|iPhone = Debug|iPhone
	EndGlobalSection
	GlobalSection(ProjectConfigurationPlatforms) = postSolution
		{5CAD0962-1D55-4965-B8C6-5B7E297CE6E4}.Debug|iPhoneSimulator.ActiveCfg = Debug|iPhoneSimulator
		{5CAD0962-1D55-4965-B8C6-5B7E297CE6E4}.Debug|iPhoneSimulator.Build.0 = Debug|iPhoneSimulator
		{5CAD0962-1D55-4965-B8C6-5B7E297CE6E4}.Release|iPhone.ActiveCfg = Release|iPhone
		{5CAD0962-1D55-4965-B8C6-5B7E297CE6E4}.Release|iPhone.Build.0 = Release|iPhone
		{5CAD0962-1D55-4965-B8C6-5B7E297CE6E4}.Release|iPhoneSimulator.ActiveCfg = Release|iPhoneSimulator
		{5CAD0962-1D55-4965-B8C6-5B7E297CE6E4}.Release|iPhoneSimulator.Build.0 = Release|iPhoneSimulator
		{5CAD0962-1D55-4965-B8C6-5B7E297CE6E4}.Debug|iPhone.ActiveCfg = Debug|iPhone
		{5CAD0962-1D55-4965-B8C6-5B7E297CE6E4}.Debug|iPhone.Build.0 = Debug|iPhone
	EndGlobalSection
EndGlobal
