
Microsoft Visual Studio Solution File, Format Version 12.00
# Visual Studio 2012
Project("{FAE04EC0-301F-11D3-BF4B-00C04F79EFBC}") = "Phoneword_iOS", "Phoneword_iOS\PhonewordMultiscreen_iOS.csproj", "{98C6E14E-46B9-4527-853A-DF57A34FE620}"
EndProject
Global
	GlobalSection(SolutionConfigurationPlatforms) = preSolution
		Debug|iPhoneSimulator = Debug|iPhoneSimulator
		Release|iPhone = Release|iPhone
		Release|iPhoneSimulator = Release|iPhoneSimulator
		Debug|iPhone = Debug|iPhone
	EndGlobalSection
	GlobalSection(ProjectConfigurationPlatforms) = postSolution
		{98C6E14E-46B9-4527-853A-DF57A34FE620}.Debug|iPhone.ActiveCfg = Debug|iPhone
		{98C6E14E-46B9-4527-853A-DF57A34FE620}.Debug|iPhone.Build.0 = Debug|iPhone
		{98C6E14E-46B9-4527-853A-DF57A34FE620}.Debug|iPhoneSimulator.ActiveCfg = Debug|iPhoneSimulator
		{98C6E14E-46B9-4527-853A-DF57A34FE620}.Debug|iPhoneSimulator.Build.0 = Debug|iPhoneSimulator
		{98C6E14E-46B9-4527-853A-DF57A34FE620}.Release|iPhone.ActiveCfg = Release|iPhone
		{98C6E14E-46B9-4527-853A-DF57A34FE620}.Release|iPhone.Build.0 = Release|iPhone
		{98C6E14E-46B9-4527-853A-DF57A34FE620}.Release|iPhoneSimulator.ActiveCfg = Release|iPhoneSimulator
		{98C6E14E-46B9-4527-853A-DF57A34FE620}.Release|iPhoneSimulator.Build.0 = Release|iPhoneSimulator
	EndGlobalSection
EndGlobal
