
Microsoft Visual Studio Solution File, Format Version 11.00
# Visual Studio 2010
Project("{FAE04EC0-301F-11D3-BF4B-00C04F79EFBC}") = "UIImageEffects", "UIImageEffects.csproj", "{CBD5A17E-2279-413A-B2C2-CB99EC2263B2}"
EndProject
Global
	GlobalSection(SolutionConfigurationPlatforms) = preSolution
		Debug|iPhoneSimulator = Debug|iPhoneSimulator
		Release|iPhoneSimulator = Release|iPhoneSimulator
		Debug|iPhone = Debug|iPhone
		Release|iPhone = Release|iPhone
		Ad-Hoc|iPhone = Ad-Hoc|iPhone
		AppStore|iPhone = AppStore|iPhone
	EndGlobalSection
	GlobalSection(ProjectConfigurationPlatforms) = postSolution
		{CBD5A17E-2279-413A-B2C2-CB99EC2263B2}.Ad-Hoc|iPhone.ActiveCfg = Ad-Hoc|iPhone
		{CBD5A17E-2279-413A-B2C2-CB99EC2263B2}.Ad-Hoc|iPhone.Build.0 = Ad-Hoc|iPhone
		{CBD5A17E-2279-413A-B2C2-CB99EC2263B2}.AppStore|iPhone.ActiveCfg = AppStore|iPhone
		{CBD5A17E-2279-413A-B2C2-CB99EC2263B2}.AppStore|iPhone.Build.0 = AppStore|iPhone
		{CBD5A17E-2279-413A-B2C2-CB99EC2263B2}.Debug|iPhone.ActiveCfg = Debug|iPhone
		{CBD5A17E-2279-413A-B2C2-CB99EC2263B2}.Debug|iPhone.Build.0 = Debug|iPhone
		{CBD5A17E-2279-413A-B2C2-CB99EC2263B2}.Debug|iPhoneSimulator.ActiveCfg = Debug|iPhoneSimulator
		{CBD5A17E-2279-413A-B2C2-CB99EC2263B2}.Debug|iPhoneSimulator.Build.0 = Debug|iPhoneSimulator
		{CBD5A17E-2279-413A-B2C2-CB99EC2263B2}.Release|iPhone.ActiveCfg = Release|iPhone
		{CBD5A17E-2279-413A-B2C2-CB99EC2263B2}.Release|iPhone.Build.0 = Release|iPhone
		{CBD5A17E-2279-413A-B2C2-CB99EC2263B2}.Release|iPhoneSimulator.ActiveCfg = Release|iPhoneSimulator
		{CBD5A17E-2279-413A-B2C2-CB99EC2263B2}.Release|iPhoneSimulator.Build.0 = Release|iPhoneSimulator
	EndGlobalSection
	GlobalSection(MonoDevelopProperties) = preSolution
		StartupItem = UIImageEffects.csproj
	EndGlobalSection
EndGlobal
