
Microsoft Visual Studio Solution File, Format Version 11.00
# Visual Studio 2010
Project("{FAE04EC0-301F-11D3-BF4B-00C04F79EFBC}") = "CellAccessoryTable", "CellAccessoryTable.csproj", "{1BFF9428-E498-41F3-8BED-6506D328947D}"
EndProject
Global
	GlobalSection(SolutionConfigurationPlatforms) = preSolution
		Debug|iPhoneSimulator = Debug|iPhoneSimulator
		Release|iPhoneSimulator = Release|iPhoneSimulator
		Debug|iPhone = Debug|iPhone
		Release|iPhone = Release|iPhone
	EndGlobalSection
	GlobalSection(ProjectConfigurationPlatforms) = postSolution
		{1BFF9428-E498-41F3-8BED-6506D328947D}.Debug|iPhone.ActiveCfg = Debug|iPhone
		{1BFF9428-E498-41F3-8BED-6506D328947D}.Debug|iPhone.Build.0 = Debug|iPhone
		{1BFF9428-E498-41F3-8BED-6506D328947D}.Debug|iPhoneSimulator.ActiveCfg = Debug|iPhoneSimulator
		{1BFF9428-E498-41F3-8BED-6506D328947D}.Debug|iPhoneSimulator.Build.0 = Debug|iPhoneSimulator
		{1BFF9428-E498-41F3-8BED-6506D328947D}.Release|iPhone.ActiveCfg = Release|iPhone
		{1BFF9428-E498-41F3-8BED-6506D328947D}.Release|iPhone.Build.0 = Release|iPhone
		{1BFF9428-E498-41F3-8BED-6506D328947D}.Release|iPhoneSimulator.ActiveCfg = Release|iPhoneSimulator
		{1BFF9428-E498-41F3-8BED-6506D328947D}.Release|iPhoneSimulator.Build.0 = Release|iPhoneSimulator
	EndGlobalSection
	GlobalSection(MonoDevelopProperties) = preSolution
		StartupItem = CellAccessoryTable.csproj
	EndGlobalSection
EndGlobal
