
Microsoft Visual Studio Solution File, Format Version 12.00
# Visual Studio 2012
Project("{FAE04EC0-301F-11D3-BF4B-00C04F79EFBC}") = "MonkeyBrowse", "MonkeyBrowse\MonkeyBrowse.csproj", "{6D6B9499-FE11-4697-868D-A742B3D71E01}"
EndProject
Global
	GlobalSection(SolutionConfigurationPlatforms) = preSolution
		Debug|iPhoneSimulator = Debug|iPhoneSimulator
		Release|iPhoneSimulator = Release|iPhoneSimulator
		Debug|iPhone = Debug|iPhone
		Release|iPhone = Release|iPhone
		Ad-Hoc|iPhone = Ad-Hoc|iPhone
		AppStore|iPhone = AppStore|iPhone
	EndGlobalSection
	GlobalSection(ProjectConfigurationPlatforms) = postSolution
		{6D6B9499-FE11-4697-868D-A742B3D71E01}.Ad-Hoc|iPhone.ActiveCfg = Ad-Hoc|iPhone
		{6D6B9499-FE11-4697-868D-A742B3D71E01}.Ad-Hoc|iPhone.Build.0 = Ad-Hoc|iPhone
		{6D6B9499-FE11-4697-868D-A742B3D71E01}.AppStore|iPhone.ActiveCfg = AppStore|iPhone
		{6D6B9499-FE11-4697-868D-A742B3D71E01}.AppStore|iPhone.Build.0 = AppStore|iPhone
		{6D6B9499-FE11-4697-868D-A742B3D71E01}.Debug|iPhone.ActiveCfg = Debug|iPhone
		{6D6B9499-FE11-4697-868D-A742B3D71E01}.Debug|iPhone.Build.0 = Debug|iPhone
		{6D6B9499-FE11-4697-868D-A742B3D71E01}.Debug|iPhoneSimulator.ActiveCfg = Debug|iPhoneSimulator
		{6D6B9499-FE11-4697-868D-A742B3D71E01}.Debug|iPhoneSimulator.Build.0 = Debug|iPhoneSimulator
		{6D6B9499-FE11-4697-868D-A742B3D71E01}.Release|iPhone.ActiveCfg = Release|iPhone
		{6D6B9499-FE11-4697-868D-A742B3D71E01}.Release|iPhone.Build.0 = Release|iPhone
		{6D6B9499-FE11-4697-868D-A742B3D71E01}.Release|iPhoneSimulator.ActiveCfg = Release|iPhoneSimulator
		{6D6B9499-FE11-4697-868D-A742B3D71E01}.Release|iPhoneSimulator.Build.0 = Release|iPhoneSimulator
	EndGlobalSection
	GlobalSection(MonoDevelopProperties) = preSolution
		StartupItem = MonkeyBrowse\MonkeyBrowse.csproj
		description = Example application for using iOS 8's Handoff feature
		version = 01.00
	EndGlobalSection
EndGlobal
