
Microsoft Visual Studio Solution File, Format Version 12.00
# Visual Studio 2012
Project("{FAE04EC0-301F-11D3-BF4B-00C04F79EFBC}") = "WalkingGame.iOS", "WalkingGame.iOS\WalkingGame.iOS.csproj", "{7CC2FF72-19DA-4AE8-9A79-EC5781A1A4A1}"
EndProject
Project("{FAE04EC0-301F-11D3-BF4B-00C04F79EFBC}") = "WalkingGame", "WalkingGame\WalkingGame.csproj", "{54D38409-0B81-4782-85F8-9CAF5EED8417}"
EndProject
Global
	GlobalSection(SolutionConfigurationPlatforms) = preSolution
		Debug|iPhoneSimulator = Debug|iPhoneSimulator
		Release|iPhoneSimulator = Release|iPhoneSimulator
		Debug|iPhone = Debug|iPhone
		Release|iPhone = Release|iPhone
		Ad-Hoc|iPhone = Ad-Hoc|iPhone
		AppStore|iPhone = AppStore|iPhone
	EndGlobalSection
	GlobalSection(ProjectConfigurationPlatforms) = postSolution
		{54D38409-0B81-4782-85F8-9CAF5EED8417}.Ad-Hoc|iPhone.ActiveCfg = Release|Any CPU
		{54D38409-0B81-4782-85F8-9CAF5EED8417}.Ad-Hoc|iPhone.Build.0 = Release|Any CPU
		{54D38409-0B81-4782-85F8-9CAF5EED8417}.AppStore|iPhone.ActiveCfg = Release|Any CPU
		{54D38409-0B81-4782-85F8-9CAF5EED8417}.AppStore|iPhone.Build.0 = Release|Any CPU
		{54D38409-0B81-4782-85F8-9CAF5EED8417}.Debug|iPhone.ActiveCfg = Debug|Any CPU
		{54D38409-0B81-4782-85F8-9CAF5EED8417}.Debug|iPhone.Build.0 = Debug|Any CPU
		{54D38409-0B81-4782-85F8-9CAF5EED8417}.Debug|iPhoneSimulator.ActiveCfg = Debug|Any CPU
		{54D38409-0B81-4782-85F8-9CAF5EED8417}.Debug|iPhoneSimulator.Build.0 = Debug|Any CPU
		{54D38409-0B81-4782-85F8-9CAF5EED8417}.Release|iPhone.ActiveCfg = Release|Any CPU
		{54D38409-0B81-4782-85F8-9CAF5EED8417}.Release|iPhone.Build.0 = Release|Any CPU
		{54D38409-0B81-4782-85F8-9CAF5EED8417}.Release|iPhoneSimulator.ActiveCfg = Release|Any CPU
		{54D38409-0B81-4782-85F8-9CAF5EED8417}.Release|iPhoneSimulator.Build.0 = Release|Any CPU
		{7CC2FF72-19DA-4AE8-9A79-EC5781A1A4A1}.Ad-Hoc|iPhone.ActiveCfg = Ad-Hoc|iPhone
		{7CC2FF72-19DA-4AE8-9A79-EC5781A1A4A1}.Ad-Hoc|iPhone.Build.0 = Ad-Hoc|iPhone
		{7CC2FF72-19DA-4AE8-9A79-EC5781A1A4A1}.AppStore|iPhone.ActiveCfg = AppStore|iPhone
		{7CC2FF72-19DA-4AE8-9A79-EC5781A1A4A1}.AppStore|iPhone.Build.0 = AppStore|iPhone
		{7CC2FF72-19DA-4AE8-9A79-EC5781A1A4A1}.Debug|iPhone.ActiveCfg = Debug|iPhone
		{7CC2FF72-19DA-4AE8-9A79-EC5781A1A4A1}.Debug|iPhone.Build.0 = Debug|iPhone
		{7CC2FF72-19DA-4AE8-9A79-EC5781A1A4A1}.Debug|iPhoneSimulator.ActiveCfg = Debug|iPhoneSimulator
		{7CC2FF72-19DA-4AE8-9A79-EC5781A1A4A1}.Debug|iPhoneSimulator.Build.0 = Debug|iPhoneSimulator
		{7CC2FF72-19DA-4AE8-9A79-EC5781A1A4A1}.Release|iPhone.ActiveCfg = Release|iPhone
		{7CC2FF72-19DA-4AE8-9A79-EC5781A1A4A1}.Release|iPhone.Build.0 = Release|iPhone
		{7CC2FF72-19DA-4AE8-9A79-EC5781A1A4A1}.Release|iPhoneSimulator.ActiveCfg = Release|iPhoneSimulator
		{7CC2FF72-19DA-4AE8-9A79-EC5781A1A4A1}.Release|iPhoneSimulator.Build.0 = Release|iPhoneSimulator
	EndGlobalSection
	GlobalSection(MonoDevelopProperties) = preSolution
		StartupItem = WalkingGame.iOS\WalkingGame.iOS.csproj
	EndGlobalSection
EndGlobal
