
Microsoft Visual Studio Solution File, Format Version 11.00
# Visual Studio 2010
Project("{FAE04EC0-301F-11D3-BF4B-00C04F79EFBC}") = "AirLocate", "AirLocate\AirLocate.csproj", "{718D5D6E-871A-4A42-9867-3D1F0552B0F4}"
EndProject
Global
	GlobalSection(SolutionConfigurationPlatforms) = preSolution
		Debug|iPhoneSimulator = Debug|iPhoneSimulator
		Release|iPhoneSimulator = Release|iPhoneSimulator
		Debug|iPhone = Debug|iPhone
		Release|iPhone = Release|iPhone
		Ad-Hoc|iPhone = Ad-Hoc|iPhone
		AppStore|iPhone = AppStore|iPhone
	EndGlobalSection
	GlobalSection(ProjectConfigurationPlatforms) = postSolution
		{718D5D6E-871A-4A42-9867-3D1F0552B0F4}.Ad-Hoc|iPhone.ActiveCfg = Ad-Hoc|iPhone
		{718D5D6E-871A-4A42-9867-3D1F0552B0F4}.Ad-Hoc|iPhone.Build.0 = Ad-Hoc|iPhone
		{718D5D6E-871A-4A42-9867-3D1F0552B0F4}.AppStore|iPhone.ActiveCfg = AppStore|iPhone
		{718D5D6E-871A-4A42-9867-3D1F0552B0F4}.AppStore|iPhone.Build.0 = AppStore|iPhone
		{718D5D6E-871A-4A42-9867-3D1F0552B0F4}.Debug|iPhone.ActiveCfg = Debug|iPhone
		{718D5D6E-871A-4A42-9867-3D1F0552B0F4}.Debug|iPhone.Build.0 = Debug|iPhone
		{718D5D6E-871A-4A42-9867-3D1F0552B0F4}.Debug|iPhoneSimulator.ActiveCfg = Debug|iPhoneSimulator
		{718D5D6E-871A-4A42-9867-3D1F0552B0F4}.Debug|iPhoneSimulator.Build.0 = Debug|iPhoneSimulator
		{718D5D6E-871A-4A42-9867-3D1F0552B0F4}.Release|iPhone.ActiveCfg = Release|iPhone
		{718D5D6E-871A-4A42-9867-3D1F0552B0F4}.Release|iPhone.Build.0 = Release|iPhone
		{718D5D6E-871A-4A42-9867-3D1F0552B0F4}.Release|iPhoneSimulator.ActiveCfg = Release|iPhoneSimulator
		{718D5D6E-871A-4A42-9867-3D1F0552B0F4}.Release|iPhoneSimulator.Build.0 = Release|iPhoneSimulator
	EndGlobalSection
	GlobalSection(MonoDevelopProperties) = preSolution
		StartupItem = AirLocate\AirLocate.csproj
		Policies = $0
		$0.TextStylePolicy = $1
		$1.inheritsSet = null
		$1.scope = text/x-csharp
		$0.CSharpFormattingPolicy = $2
		$2.ElseIfNewLinePlacement = SameLine
		$2.AfterDelegateDeclarationParameterComma = True
		$2.inheritsSet = Mono
		$2.inheritsScope = text/x-csharp
		$2.scope = text/x-csharp
	EndGlobalSection
EndGlobal
