
Microsoft Visual Studio Solution File, Format Version 10.00
# Visual Studio 2008
Project("{FAE04EC0-301F-11D3-BF4B-00C04F79EFBC}") = "monocatalog", "monocatalog.csproj", "{B757F754-E31A-4EBD-BDBD-0B86875D78DB}"
EndProject
Global
	GlobalSection(SolutionConfigurationPlatforms) = preSolution
		Debug|iPhoneSimulator = Debug|iPhoneSimulator
		Release|iPhoneSimulator = Release|iPhoneSimulator
		Debug|iPhone = Debug|iPhone
		Release|iPhone = Release|iPhone
	EndGlobalSection
	GlobalSection(ProjectConfigurationPlatforms) = postSolution
		{B757F754-E31A-4EBD-BDBD-0B86875D78DB}.Debug|iPhone.ActiveCfg = Debug|iPhone
		{B757F754-E31A-4EBD-BDBD-0B86875D78DB}.Debug|iPhone.Build.0 = Debug|iPhone
		{B757F754-E31A-4EBD-BDBD-0B86875D78DB}.Debug|iPhoneSimulator.ActiveCfg = Debug|iPhoneSimulator
		{B757F754-E31A-4EBD-BDBD-0B86875D78DB}.Debug|iPhoneSimulator.Build.0 = Debug|iPhoneSimulator
		{B757F754-E31A-4EBD-BDBD-0B86875D78DB}.Release|iPhone.ActiveCfg = Release|iPhone
		{B757F754-E31A-4EBD-BDBD-0B86875D78DB}.Release|iPhone.Build.0 = Release|iPhone
		{B757F754-E31A-4EBD-BDBD-0B86875D78DB}.Release|iPhoneSimulator.ActiveCfg = Release|iPhoneSimulator
		{B757F754-E31A-4EBD-BDBD-0B86875D78DB}.Release|iPhoneSimulator.Build.0 = Release|iPhoneSimulator
	EndGlobalSection
	GlobalSection(MonoDevelopProperties) = preSolution
		StartupItem = monocatalog.csproj
		Policies = $0
		$0.TextStylePolicy = $1
		$1.FileWidth = 120
		$1.TabWidth = 4
		$1.NoTabsAfterNonTabs = True
		$1.RemoveTrailingWhitespace = True
		$1.inheritsSet = Mono
		$1.inheritsScope = text/plain
		$1.scope = text/plain
	EndGlobalSection
EndGlobal
