
Microsoft Visual Studio Solution File, Format Version 12.00
# Visual Studio 2012
Project("{FAE04EC0-301F-11D3-BF4B-00C04F79EFBC}") = "AVCam", "AVCam\AVCam.csproj", "{4EE9FEE1-0EC8-41DB-96EE-666C2C54FD98}"
EndProject
Global
	GlobalSection(SolutionConfigurationPlatforms) = preSolution
		Debug|iPhoneSimulator = Debug|iPhoneSimulator
		Release|iPhoneSimulator = Release|iPhoneSimulator
		Debug|iPhone = Debug|iPhone
		Release|iPhone = Release|iPhone
		Ad-Hoc|iPhone = Ad-Hoc|iPhone
		AppStore|iPhone = AppStore|iPhone
	EndGlobalSection
	GlobalSection(ProjectConfigurationPlatforms) = postSolution
		{4EE9FEE1-0EC8-41DB-96EE-666C2C54FD98}.Ad-Hoc|iPhone.ActiveCfg = Release|iPhone
		{4EE9FEE1-0EC8-41DB-96EE-666C2C54FD98}.Ad-Hoc|iPhone.Build.0 = Release|iPhone
		{4EE9FEE1-0EC8-41DB-96EE-666C2C54FD98}.AppStore|iPhone.ActiveCfg = Release|iPhone
		{4EE9FEE1-0EC8-41DB-96EE-666C2C54FD98}.AppStore|iPhone.Build.0 = Release|iPhone
		{4EE9FEE1-0EC8-41DB-96EE-666C2C54FD98}.Debug|iPhone.ActiveCfg = Debug|iPhone
		{4EE9FEE1-0EC8-41DB-96EE-666C2C54FD98}.Debug|iPhone.Build.0 = Debug|iPhone
		{4EE9FEE1-0EC8-41DB-96EE-666C2C54FD98}.Debug|iPhoneSimulator.ActiveCfg = Debug|iPhoneSimulator
		{4EE9FEE1-0EC8-41DB-96EE-666C2C54FD98}.Debug|iPhoneSimulator.Build.0 = Debug|iPhoneSimulator
		{4EE9FEE1-0EC8-41DB-96EE-666C2C54FD98}.Release|iPhone.ActiveCfg = Release|iPhone
		{4EE9FEE1-0EC8-41DB-96EE-666C2C54FD98}.Release|iPhone.Build.0 = Release|iPhone
		{4EE9FEE1-0EC8-41DB-96EE-666C2C54FD98}.Release|iPhoneSimulator.ActiveCfg = Release|iPhoneSimulator
		{4EE9FEE1-0EC8-41DB-96EE-666C2C54FD98}.Release|iPhoneSimulator.Build.0 = Release|iPhoneSimulator
	EndGlobalSection
EndGlobal
