
Microsoft Visual Studio Solution File, Format Version 11.00
# Visual Studio 2010
Project("{FAE04EC0-301F-11D3-BF4B-00C04F79EFBC}") = "CoreAnimation", "CoreAnimation\CoreAnimation.csproj", "{98F6ED66-B4E9-45F2-948E-5DCF19E18B24}"
EndProject
Global
	GlobalSection(SolutionConfigurationPlatforms) = preSolution
		Debug|iPhoneSimulator = Debug|iPhoneSimulator
		Release|iPhoneSimulator = Release|iPhoneSimulator
		Debug|iPhone = Debug|iPhone
		Release|iPhone = Release|iPhone
	EndGlobalSection
	GlobalSection(ProjectConfigurationPlatforms) = postSolution
		{98F6ED66-B4E9-45F2-948E-5DCF19E18B24}.Debug|iPhone.ActiveCfg = Debug|iPhone
		{98F6ED66-B4E9-45F2-948E-5DCF19E18B24}.Debug|iPhone.Build.0 = Debug|iPhone
		{98F6ED66-B4E9-45F2-948E-5DCF19E18B24}.Debug|iPhoneSimulator.ActiveCfg = Debug|iPhoneSimulator
		{98F6ED66-B4E9-45F2-948E-5DCF19E18B24}.Debug|iPhoneSimulator.Build.0 = Debug|iPhoneSimulator
		{98F6ED66-B4E9-45F2-948E-5DCF19E18B24}.Release|iPhone.ActiveCfg = Release|iPhone
		{98F6ED66-B4E9-45F2-948E-5DCF19E18B24}.Release|iPhone.Build.0 = Release|iPhone
		{98F6ED66-B4E9-45F2-948E-5DCF19E18B24}.Release|iPhoneSimulator.ActiveCfg = Release|iPhoneSimulator
		{98F6ED66-B4E9-45F2-948E-5DCF19E18B24}.Release|iPhoneSimulator.Build.0 = Release|iPhoneSimulator
	EndGlobalSection
	GlobalSection(MonoDevelopProperties) = preSolution
		StartupItem = CoreAnimation\CoreAnimation.csproj
	EndGlobalSection
EndGlobal
