
Microsoft Visual Studio Solution File, Format Version 11.00
# Visual Studio 2010
Project("{FAE04EC0-301F-11D3-BF4B-00C04F79EFBC}") = "Protocols_Delegates_Events", "Protocols_Delegates_Events.csproj", "{28A5CDE5-FEE3-4513-BEBF-CEED65DC744D}"
EndProject
Global
	GlobalSection(SolutionConfigurationPlatforms) = preSolution
		Debug|iPhoneSimulator = Debug|iPhoneSimulator
		Release|iPhoneSimulator = Release|iPhoneSimulator
		Debug|iPhone = Debug|iPhone
		Release|iPhone = Release|iPhone
	EndGlobalSection
	GlobalSection(ProjectConfigurationPlatforms) = postSolution
		{28A5CDE5-FEE3-4513-BEBF-CEED65DC744D}.Debug|iPhone.ActiveCfg = Debug|iPhone
		{28A5CDE5-FEE3-4513-BEBF-CEED65DC744D}.Debug|iPhone.Build.0 = Debug|iPhone
		{28A5CDE5-FEE3-4513-BEBF-CEED65DC744D}.Debug|iPhoneSimulator.ActiveCfg = Debug|iPhoneSimulator
		{28A5CDE5-FEE3-4513-BEBF-CEED65DC744D}.Debug|iPhoneSimulator.Build.0 = Debug|iPhoneSimulator
		{28A5CDE5-FEE3-4513-BEBF-CEED65DC744D}.Release|iPhone.ActiveCfg = Release|iPhone
		{28A5CDE5-FEE3-4513-BEBF-CEED65DC744D}.Release|iPhone.Build.0 = Release|iPhone
		{28A5CDE5-FEE3-4513-BEBF-CEED65DC744D}.Release|iPhoneSimulator.ActiveCfg = Release|iPhoneSimulator
		{28A5CDE5-FEE3-4513-BEBF-CEED65DC744D}.Release|iPhoneSimulator.Build.0 = Release|iPhoneSimulator
	EndGlobalSection
	GlobalSection(MonoDevelopProperties) = preSolution
		StartupItem = Protocols_Delegates_Events\Protocols_Delegates_Events.csproj
	EndGlobalSection
EndGlobal
