
Microsoft Visual Studio Solution File, Format Version 12.00
# Visual Studio 2012
Project("{FAE04EC0-301F-11D3-BF4B-00C04F79EFBC}") = "PlacingObjects", "PlacingObjects\PlacingObjects.csproj", "{642930A6-0CFA-4520-89D0-BEB7F1BFA1EA}"
EndProject
Global
	GlobalSection(SolutionConfigurationPlatforms) = preSolution
		Debug|iPhoneSimulator = Debug|iPhoneSimulator
		Release|iPhone = Release|iPhone
		Release|iPhoneSimulator = Release|iPhoneSimulator
		Debug|iPhone = Debug|iPhone
	EndGlobalSection
	GlobalSection(ProjectConfigurationPlatforms) = postSolution
		{642930A6-0CFA-4520-89D0-BEB7F1BFA1EA}.Debug|iPhoneSimulator.ActiveCfg = Debug|iPhoneSimulator
		{642930A6-0CFA-4520-89D0-BEB7F1BFA1EA}.Debug|iPhoneSimulator.Build.0 = Debug|iPhoneSimulator
		{642930A6-0CFA-4520-89D0-BEB7F1BFA1EA}.Release|iPhone.ActiveCfg = Release|iPhone
		{642930A6-0CFA-4520-89D0-BEB7F1BFA1EA}.Release|iPhone.Build.0 = Release|iPhone
		{642930A6-0CFA-4520-89D0-BEB7F1BFA1EA}.Release|iPhoneSimulator.ActiveCfg = Release|iPhoneSimulator
		{642930A6-0CFA-4520-89D0-BEB7F1BFA1EA}.Release|iPhoneSimulator.Build.0 = Release|iPhoneSimulator
		{642930A6-0CFA-4520-89D0-BEB7F1BFA1EA}.Debug|iPhone.ActiveCfg = Debug|iPhone
		{642930A6-0CFA-4520-89D0-BEB7F1BFA1EA}.Debug|iPhone.Build.0 = Debug|iPhone
	EndGlobalSection
	GlobalSection(MonoDevelopProperties) = preSolution
		Policies = $0
		$0.DotNetNamingPolicy = $1
	EndGlobalSection
EndGlobal
